// !$*UTF8*$!
{
	archiveVersion = 1;
	classes = {
	};
	objectVersion = 46;
	objects = {

/* Begin PBXBuildFile section */
		3705B2E7137461B500E10CF5 /* ASTRootViewController.m in Sources */ = {isa = PBXBuildFile; fileRef = 3705B2E5137461B500E10CF5 /* ASTRootViewController.m */; };
		3705B2E8137461B500E10CF5 /* ASTRootViewController.xib in Resources */ = {isa = PBXBuildFile; fileRef = 3705B2E6137461B500E10CF5 /* ASTRootViewController.xib */; };
		3705B31B1374708A00E10CF5 /* ASTRootViewController-iPad.xib in Resources */ = {isa = PBXBuildFile; fileRef = 3705B31A1374708A00E10CF5 /* ASTRootViewController-iPad.xib */; };
		8120996A13746F0800907BED /* ASTStoreDebugViewController.m in Sources */ = {isa = PBXBuildFile; fileRef = 8120996813746F0800907BED /* ASTStoreDebugViewController.m */; };
		8120999D137488B900907BED /* ASTStoreDebugViewController.xib in Resources */ = {isa = PBXBuildFile; fileRef = 8120999C137488B900907BED /* ASTStoreDebugViewController.xib */; };
		812099D613748C6400907BED /* MainWindow-iPad.xib in Resources */ = {isa = PBXBuildFile; fileRef = 812099D413748C6400907BED /* MainWindow-iPad.xib */; };
		812099FE1374C1CF00907BED /* ASTStoreDetailViewController.xib in Resources */ = {isa = PBXBuildFile; fileRef = 812099EF1374C1CF00907BED /* ASTStoreDetailViewController.xib */; };
		812099FF1374C1CF00907BED /* ASTStoreTableViewCell.xib in Resources */ = {isa = PBXBuildFile; fileRef = 812099F01374C1CF00907BED /* ASTStoreTableViewCell.xib */; };
		81209A001374C1CF00907BED /* ASTStoreViewController.xib in Resources */ = {isa = PBXBuildFile; fileRef = 812099F11374C1CF00907BED /* ASTStoreViewController.xib */; };
		81209A011374C1CF00907BED /* ASTStoreDetailViewController-iPad.xib in Resources */ = {isa = PBXBuildFile; fileRef = 812099F21374C1CF00907BED /* ASTStoreDetailViewController-iPad.xib */; };
		81209A021374C1CF00907BED /* ASTStoreTableViewCell-iPad.xib in Resources */ = {isa = PBXBuildFile; fileRef = 812099F31374C1CF00907BED /* ASTStoreTableViewCell-iPad.xib */; };
		81209A031374C1CF00907BED /* ASTStoreViewController-iPad.xib in Resources */ = {isa = PBXBuildFile; fileRef = 812099F41374C1CF00907BED /* ASTStoreViewController-iPad.xib */; };
		81209A041374C1CF00907BED /* ASTWebView-iPad.xib in Resources */ = {isa = PBXBuildFile; fileRef = 812099F51374C1CF00907BED /* ASTWebView-iPad.xib */; };
		81209A051374C1CF00907BED /* ASTWebView.xib in Resources */ = {isa = PBXBuildFile; fileRef = 812099F61374C1CF00907BED /* ASTWebView.xib */; };
		81209A061374C1CF00907BED /* storekit_navbar_button_black_effect.png in Resources */ = {isa = PBXBuildFile; fileRef = 812099F71374C1CF00907BED /* storekit_navbar_button_black_effect.png */; };
		81209A071374C1CF00907BED /* storekit_navbar_button_black_effect@2x.png in Resources */ = {isa = PBXBuildFile; fileRef = 812099F81374C1CF00907BED /* storekit_navbar_button_black_effect@2x.png */; };
		81209A081374C1CF00907BED /* DropShadow-iPad.png in Resources */ = {isa = PBXBuildFile; fileRef = 812099F91374C1CF00907BED /* DropShadow-iPad.png */; };
		81209A091374C1CF00907BED /* DropShadow.png in Resources */ = {isa = PBXBuildFile; fileRef = 812099FA1374C1CF00907BED /* DropShadow.png */; };
		81209A0A1374C1CF00907BED /* DropShadow@2x.png in Resources */ = {isa = PBXBuildFile; fileRef = 812099FB1374C1CF00907BED /* DropShadow@2x.png */; };
		81209A0B1374C1CF00907BED /* default-purchase-image.png in Resources */ = {isa = PBXBuildFile; fileRef = 812099FC1374C1CF00907BED /* default-purchase-image.png */; };
		81209A0C1374C1CF00907BED /* default-purchase-image@2x.png in Resources */ = {isa = PBXBuildFile; fileRef = 812099FD1374C1CF00907BED /* default-purchase-image@2x.png */; };
		812FF12E132561F00070074B /* UIKit.framework in Frameworks */ = {isa = PBXBuildFile; fileRef = 812FF12D132561F00070074B /* UIKit.framework */; };
		812FF130132561F00070074B /* Foundation.framework in Frameworks */ = {isa = PBXBuildFile; fileRef = 812FF12F132561F00070074B /* Foundation.framework */; };
		812FF132132561F00070074B /* CoreGraphics.framework in Frameworks */ = {isa = PBXBuildFile; fileRef = 812FF131132561F00070074B /* CoreGraphics.framework */; };
		812FF138132561F00070074B /* InfoPlist.strings in Resources */ = {isa = PBXBuildFile; fileRef = 812FF136132561F00070074B /* InfoPlist.strings */; };
		812FF13B132561F00070074B /* main.m in Sources */ = {isa = PBXBuildFile; fileRef = 812FF13A132561F00070074B /* main.m */; };
		812FF13E132561F00070074B /* ASTStoreAppDelegate.m in Sources */ = {isa = PBXBuildFile; fileRef = 812FF13D132561F00070074B /* ASTStoreAppDelegate.m */; };
		812FF141132561F00070074B /* MainWindow.xib in Resources */ = {isa = PBXBuildFile; fileRef = 812FF13F132561F00070074B /* MainWindow.xib */; };
		81671CDA1327D28000B12E3D /* sampleProductIdentifiers.plist in Resources */ = {isa = PBXBuildFile; fileRef = 81671CD91327D28000B12E3D /* sampleProductIdentifiers.plist */; };
		81671CF11328068B00B12E3D /* StoreKit.framework in Frameworks */ = {isa = PBXBuildFile; fileRef = 81671CF01328068A00B12E3D /* StoreKit.framework */; };
		818A398913577EC000C5DC77 /* Security.framework in Frameworks */ = {isa = PBXBuildFile; fileRef = 818A398813577EC000C5DC77 /* Security.framework */; };
		8196CBA91333BF42000C5286 /* SystemConfiguration.framework in Frameworks */ = {isa = PBXBuildFile; fileRef = 8196CBA81333BF42000C5286 /* SystemConfiguration.framework */; };
		8196CBAB1333BF4B000C5286 /* MobileCoreServices.framework in Frameworks */ = {isa = PBXBuildFile; fileRef = 8196CBAA1333BF4B000C5286 /* MobileCoreServices.framework */; };
		8196CBAD1333BF67000C5286 /* libz.1.2.3.dylib in Frameworks */ = {isa = PBXBuildFile; fileRef = 8196CBAC1333BF67000C5286 /* libz.1.2.3.dylib */; };
		8196CBB11333C42C000C5286 /* CFNetwork.framework in Frameworks */ = {isa = PBXBuildFile; fileRef = 8196CBB01333C42C000C5286 /* CFNetwork.framework */; };
		81E8F2D7132577AD004C0957 /* libASTStoreController.a in Frameworks */ = {isa = PBXBuildFile; fileRef = 81E8F2D6132577AD004C0957 /* libASTStoreController.a */; };
		81EE59F7132A61C800C722E4 /* ilSimKitProducts.plist in Resources */ = {isa = PBXBuildFile; fileRef = 81EE59F6132A61C800C722E4 /* ilSimKitProducts.plist */; };
/* End PBXBuildFile section */

/* Begin PBXContainerItemProxy section */
		81755A5E133B798F00A2331B /* PBXContainerItemProxy */ = {
			isa = PBXContainerItemProxy;
			containerPortal = 81BD897213256AB60041A29D /* ASTStoreController.xcodeproj */;
			proxyType = 2;
			remoteGlobalIDString = 812FF1111325607F0070074B;
			remoteInfo = ASTStoreController;
		};
		81755A71133B79A400A2331B /* PBXContainerItemProxy */ = {
			isa = PBXContainerItemProxy;
			containerPortal = 81BD897213256AB60041A29D /* ASTStoreController.xcodeproj */;
			proxyType = 1;
			remoteGlobalIDString = 812FF1101325607F0070074B;
			remoteInfo = ASTStoreController;
		};
/* End PBXContainerItemProxy section */

/* Begin PBXFileReference section */
		3705B2E4137461B500E10CF5 /* ASTRootViewController.h */ = {isa = PBXFileReference; fileEncoding = 4; lastKnownFileType = sourcecode.c.h; path = ASTRootViewController.h; sourceTree = "<group>"; };
		3705B2E5137461B500E10CF5 /* ASTRootViewController.m */ = {isa = PBXFileReference; fileEncoding = 4; lastKnownFileType = sourcecode.c.objc; path = ASTRootViewController.m; sourceTree = "<group>"; };
		3705B2E6137461B500E10CF5 /* ASTRootViewController.xib */ = {isa = PBXFileReference; fileEncoding = 4; lastKnownFileType = file.xib; path = ASTRootViewController.xib; sourceTree = "<group>"; };
		3705B31A1374708A00E10CF5 /* ASTRootViewController-iPad.xib */ = {isa = PBXFileReference; fileEncoding = 4; lastKnownFileType = file.xib; path = "ASTRootViewController-iPad.xib"; sourceTree = "<group>"; };
		8120996813746F0800907BED /* ASTStoreDebugViewController.m */ = {isa = PBXFileReference; fileEncoding = 4; lastKnownFileType = sourcecode.c.objc; path = ASTStoreDebugViewController.m; sourceTree = "<group>"; };
		8120999B137488B400907BED /* ASTStoreDebugViewController.h */ = {isa = PBXFileReference; fileEncoding = 4; lastKnownFileType = sourcecode.c.h; path = ASTStoreDebugViewController.h; sourceTree = "<group>"; };
		8120999C137488B900907BED /* ASTStoreDebugViewController.xib */ = {isa = PBXFileReference; fileEncoding = 4; lastKnownFileType = file.xib; path = ASTStoreDebugViewController.xib; sourceTree = "<group>"; };
		812099D513748C6400907BED /* en */ = {isa = PBXFileReference; lastKnownFileType = file.xib; name = en; path = "en.lproj/MainWindow-iPad.xib"; sourceTree = "<group>"; };
		812099E81374C1CF00907BED /* ASTStoreController.h */ = {isa = PBXFileReference; fileEncoding = 4; lastKnownFileType = sourcecode.c.h; name = ASTStoreController.h; path = ASTStoreController/ASTStoreController.h; sourceTree = "<group>"; };
		812099E91374C1CF00907BED /* ASTStoreProduct.h */ = {isa = PBXFileReference; fileEncoding = 4; lastKnownFileType = sourcecode.c.h; name = ASTStoreProduct.h; path = ASTStoreController/ASTStoreProduct.h; sourceTree = "<group>"; };
		812099EA1374C1CF00907BED /* ASTStoreProductTypes.h */ = {isa = PBXFileReference; fileEncoding = 4; lastKnownFileType = sourcecode.c.h; path = ASTStoreProductTypes.h; sourceTree = "<group>"; };
		812099EB1374C1CF00907BED /* ASTStorePrefix.pch */ = {isa = PBXFileReference; fileEncoding = 4; lastKnownFileType = sourcecode.c.h; path = ASTStorePrefix.pch; sourceTree = "<group>"; };
		812099EC1374C1CF00907BED /* ASTStoreViewController.h */ = {isa = PBXFileReference; fileEncoding = 4; lastKnownFileType = sourcecode.c.h; path = ASTStoreViewController.h; sourceTree = "<group>"; };
		812099EF1374C1CF00907BED /* ASTStoreDetailViewController.xib */ = {isa = PBXFileReference; fileEncoding = 4; lastKnownFileType = file.xib; path = ASTStoreDetailViewController.xib; sourceTree = "<group>"; };
		812099F01374C1CF00907BED /* ASTStoreTableViewCell.xib */ = {isa = PBXFileReference; fileEncoding = 4; lastKnownFileType = file.xib; path = ASTStoreTableViewCell.xib; sourceTree = "<group>"; };
		812099F11374C1CF00907BED /* ASTStoreViewController.xib */ = {isa = PBXFileReference; fileEncoding = 4; lastKnownFileType = file.xib; path = ASTStoreViewController.xib; sourceTree = "<group>"; };
		812099F21374C1CF00907BED /* ASTStoreDetailViewController-iPad.xib */ = {isa = PBXFileReference; fileEncoding = 4; lastKnownFileType = file.xib; path = "ASTStoreDetailViewController-iPad.xib"; sourceTree = "<group>"; };
		812099F31374C1CF00907BED /* ASTStoreTableViewCell-iPad.xib */ = {isa = PBXFileReference; fileEncoding = 4; lastKnownFileType = file.xib; path = "ASTStoreTableViewCell-iPad.xib"; sourceTree = "<group>"; };
		812099F41374C1CF00907BED /* ASTStoreViewController-iPad.xib */ = {isa = PBXFileReference; fileEncoding = 4; lastKnownFileType = file.xib; path = "ASTStoreViewController-iPad.xib"; sourceTree = "<group>"; };
		812099F51374C1CF00907BED /* ASTWebView-iPad.xib */ = {isa = PBXFileReference; fileEncoding = 4; lastKnownFileType = file.xib; path = "ASTWebView-iPad.xib"; sourceTree = "<group>"; };
		812099F61374C1CF00907BED /* ASTWebView.xib */ = {isa = PBXFileReference; fileEncoding = 4; lastKnownFileType = file.xib; path = ASTWebView.xib; sourceTree = "<group>"; };
		812099F71374C1CF00907BED /* storekit_navbar_button_black_effect.png */ = {isa = PBXFileReference; lastKnownFileType = image.png; path = storekit_navbar_button_black_effect.png; sourceTree = "<group>"; };
		812099F81374C1CF00907BED /* storekit_navbar_button_black_effect@2x.png */ = {isa = PBXFileReference; lastKnownFileType = image.png; path = "storekit_navbar_button_black_effect@2x.png"; sourceTree = "<group>"; };
		812099F91374C1CF00907BED /* DropShadow-iPad.png */ = {isa = PBXFileReference; lastKnownFileType = image.png; path = "DropShadow-iPad.png"; sourceTree = "<group>"; };
		812099FA1374C1CF00907BED /* DropShadow.png */ = {isa = PBXFileReference; lastKnownFileType = image.png; path = DropShadow.png; sourceTree = "<group>"; };
		812099FB1374C1CF00907BED /* DropShadow@2x.png */ = {isa = PBXFileReference; lastKnownFileType = image.png; path = "DropShadow@2x.png"; sourceTree = "<group>"; };
		812099FC1374C1CF00907BED /* default-purchase-image.png */ = {isa = PBXFileReference; lastKnownFileType = image.png; path = "default-purchase-image.png"; sourceTree = "<group>"; };
		812099FD1374C1CF00907BED /* default-purchase-image@2x.png */ = {isa = PBXFileReference; lastKnownFileType = image.png; path = "default-purchase-image@2x.png"; sourceTree = "<group>"; };
		812FF129132561F00070074B /* ASTStore.app */ = {isa = PBXFileReference; explicitFileType = wrapper.application; includeInIndex = 0; path = ASTStore.app; sourceTree = BUILT_PRODUCTS_DIR; };
		812FF12D132561F00070074B /* UIKit.framework */ = {isa = PBXFileReference; lastKnownFileType = wrapper.framework; name = UIKit.framework; path = System/Library/Frameworks/UIKit.framework; sourceTree = SDKROOT; };
		812FF12F132561F00070074B /* Foundation.framework */ = {isa = PBXFileReference; lastKnownFileType = wrapper.framework; name = Foundation.framework; path = System/Library/Frameworks/Foundation.framework; sourceTree = SDKROOT; };
		812FF131132561F00070074B /* CoreGraphics.framework */ = {isa = PBXFileReference; lastKnownFileType = wrapper.framework; name = CoreGraphics.framework; path = System/Library/Frameworks/CoreGraphics.framework; sourceTree = SDKROOT; };
		812FF135132561F00070074B /* ASTStore-Info.plist */ = {isa = PBXFileReference; lastKnownFileType = text.plist.xml; path = "ASTStore-Info.plist"; sourceTree = "<group>"; };
		812FF137132561F00070074B /* en */ = {isa = PBXFileReference; lastKnownFileType = text.plist.strings; name = en; path = en.lproj/InfoPlist.strings; sourceTree = "<group>"; };
		812FF139132561F00070074B /* ASTStore-Prefix.pch */ = {isa = PBXFileReference; lastKnownFileType = sourcecode.c.h; path = "ASTStore-Prefix.pch"; sourceTree = "<group>"; };
		812FF13A132561F00070074B /* main.m */ = {isa = PBXFileReference; lastKnownFileType = sourcecode.c.objc; path = main.m; sourceTree = "<group>"; };
		812FF13C132561F00070074B /* ASTStoreAppDelegate.h */ = {isa = PBXFileReference; lastKnownFileType = sourcecode.c.h; path = ASTStoreAppDelegate.h; sourceTree = "<group>"; };
		812FF13D132561F00070074B /* ASTStoreAppDelegate.m */ = {isa = PBXFileReference; lastKnownFileType = sourcecode.c.objc; path = ASTStoreAppDelegate.m; sourceTree = "<group>"; };
		812FF140132561F00070074B /* en */ = {isa = PBXFileReference; lastKnownFileType = file.xib; name = en; path = en.lproj/MainWindow.xib; sourceTree = "<group>"; };
		81671CD91327D28000B12E3D /* sampleProductIdentifiers.plist */ = {isa = PBXFileReference; fileEncoding = 4; lastKnownFileType = text.plist.xml; name = sampleProductIdentifiers.plist; path = ../../ASTStoreController/ASTStoreController/sampleProductIdentifiers.plist; sourceTree = "<group>"; };
		81671CF01328068A00B12E3D /* StoreKit.framework */ = {isa = PBXFileReference; lastKnownFileType = wrapper.framework; name = StoreKit.framework; path = System/Library/Frameworks/StoreKit.framework; sourceTree = SDKROOT; };
		818A398813577EC000C5DC77 /* Security.framework */ = {isa = PBXFileReference; lastKnownFileType = wrapper.framework; name = Security.framework; path = System/Library/Frameworks/Security.framework; sourceTree = SDKROOT; };
		8196CBA81333BF42000C5286 /* SystemConfiguration.framework */ = {isa = PBXFileReference; lastKnownFileType = wrapper.framework; name = SystemConfiguration.framework; path = System/Library/Frameworks/SystemConfiguration.framework; sourceTree = SDKROOT; };
		8196CBAA1333BF4B000C5286 /* MobileCoreServices.framework */ = {isa = PBXFileReference; lastKnownFileType = wrapper.framework; name = MobileCoreServices.framework; path = System/Library/Frameworks/MobileCoreServices.framework; sourceTree = SDKROOT; };
		8196CBAC1333BF67000C5286 /* libz.1.2.3.dylib */ = {isa = PBXFileReference; lastKnownFileType = "compiled.mach-o.dylib"; name = libz.1.2.3.dylib; path = usr/lib/libz.1.2.3.dylib; sourceTree = SDKROOT; };
		8196CBB01333C42C000C5286 /* CFNetwork.framework */ = {isa = PBXFileReference; lastKnownFileType = wrapper.framework; name = CFNetwork.framework; path = System/Library/Frameworks/CFNetwork.framework; sourceTree = SDKROOT; };
		81BD897213256AB60041A29D /* ASTStoreController.xcodeproj */ = {isa = PBXFileReference; lastKnownFileType = "wrapper.pb-project"; name = ASTStoreController.xcodeproj; path = ../../ASTStoreController/ASTStoreController.xcodeproj; sourceTree = "<group>"; };
		81E8F2D6132577AD004C0957 /* libASTStoreController.a */ = {isa = PBXFileReference; explicitFileType = archive.ar; path = libASTStoreController.a; sourceTree = BUILT_PRODUCTS_DIR; };
		81EE59F6132A61C800C722E4 /* ilSimKitProducts.plist */ = {isa = PBXFileReference; fileEncoding = 4; lastKnownFileType = text.plist.xml; name = ilSimKitProducts.plist; path = ../../ASTStoreController/ASTStoreController/ilSimKitProducts.plist; sourceTree = "<group>"; };
/* End PBXFileReference section */

/* Begin PBXFrameworksBuildPhase section */
		812FF126132561F00070074B /* Frameworks */ = {
			isa = PBXFrameworksBuildPhase;
			buildActionMask = 2147483647;
			files = (
				818A398913577EC000C5DC77 /* Security.framework in Frameworks */,
				8196CBB11333C42C000C5286 /* CFNetwork.framework in Frameworks */,
				8196CBAD1333BF67000C5286 /* libz.1.2.3.dylib in Frameworks */,
				8196CBAB1333BF4B000C5286 /* MobileCoreServices.framework in Frameworks */,
				8196CBA91333BF42000C5286 /* SystemConfiguration.framework in Frameworks */,
				81671CF11328068B00B12E3D /* StoreKit.framework in Frameworks */,
				81E8F2D7132577AD004C0957 /* libASTStoreController.a in Frameworks */,
				812FF12E132561F00070074B /* UIKit.framework in Frameworks */,
				812FF130132561F00070074B /* Foundation.framework in Frameworks */,
				812FF132132561F00070074B /* CoreGraphics.framework in Frameworks */,
			);
			runOnlyForDeploymentPostprocessing = 0;
		};
/* End PBXFrameworksBuildPhase section */

/* Begin PBXGroup section */
		812099E61374C1CF00907BED /* ASTStoreControllerHeaders */ = {
			isa = PBXGroup;
			children = (
				812099E71374C1CF00907BED /* ASTStoreViewControllerResources */,
				812099E81374C1CF00907BED /* ASTStoreController.h */,
				812099E91374C1CF00907BED /* ASTStoreProduct.h */,
				812099EA1374C1CF00907BED /* ASTStoreProductTypes.h */,
				812099EB1374C1CF00907BED /* ASTStorePrefix.pch */,
			);
			name = ASTStoreControllerHeaders;
			path = ../../ASTStoreController;
			sourceTree = "<group>";
		};
		812099E71374C1CF00907BED /* ASTStoreViewControllerResources */ = {
			isa = PBXGroup;
			children = (
				812099EC1374C1CF00907BED /* ASTStoreViewController.h */,
				812099ED1374C1CF00907BED /* XIB */,
				812099EE1374C1CF00907BED /* Graphics */,
			);
			name = ASTStoreViewControllerResources;
			sourceTree = "<group>";
		};
		812099ED1374C1CF00907BED /* XIB */ = {
			isa = PBXGroup;
			children = (
				812099EF1374C1CF00907BED /* ASTStoreDetailViewController.xib */,
				812099F01374C1CF00907BED /* ASTStoreTableViewCell.xib */,
				812099F11374C1CF00907BED /* ASTStoreViewController.xib */,
				812099F21374C1CF00907BED /* ASTStoreDetailViewController-iPad.xib */,
				812099F31374C1CF00907BED /* ASTStoreTableViewCell-iPad.xib */,
				812099F41374C1CF00907BED /* ASTStoreViewController-iPad.xib */,
				812099F51374C1CF00907BED /* ASTWebView-iPad.xib */,
				812099F61374C1CF00907BED /* ASTWebView.xib */,
			);
			name = XIB;
			sourceTree = "<group>";
		};
		812099EE1374C1CF00907BED /* Graphics */ = {
			isa = PBXGroup;
			children = (
				812099F71374C1CF00907BED /* storekit_navbar_button_black_effect.png */,
				812099F81374C1CF00907BED /* storekit_navbar_button_black_effect@2x.png */,
				812099F91374C1CF00907BED /* DropShadow-iPad.png */,
				812099FA1374C1CF00907BED /* DropShadow.png */,
				812099FB1374C1CF00907BED /* DropShadow@2x.png */,
				812099FC1374C1CF00907BED /* default-purchase-image.png */,
				812099FD1374C1CF00907BED /* default-purchase-image@2x.png */,
			);
			name = Graphics;
			sourceTree = "<group>";
		};
		812FF11E132561F00070074B = {
			isa = PBXGroup;
			children = (
				812FF133132561F00070074B /* ASTStore */,
				812FF12C132561F00070074B /* Frameworks */,
				812FF12A132561F00070074B /* Products */,
			);
			sourceTree = "<group>";
		};
		812FF12A132561F00070074B /* Products */ = {
			isa = PBXGroup;
			children = (
				812FF129132561F00070074B /* ASTStore.app */,
			);
			name = Products;
			sourceTree = "<group>";
		};
		812FF12C132561F00070074B /* Frameworks */ = {
			isa = PBXGroup;
			children = (
				818A398813577EC000C5DC77 /* Security.framework */,
				8196CBB01333C42C000C5286 /* CFNetwork.framework */,
				8196CBAC1333BF67000C5286 /* libz.1.2.3.dylib */,
				8196CBAA1333BF4B000C5286 /* MobileCoreServices.framework */,
				8196CBA81333BF42000C5286 /* SystemConfiguration.framework */,
				81671CF01328068A00B12E3D /* StoreKit.framework */,
				812FF12D132561F00070074B /* UIKit.framework */,
				812FF12F132561F00070074B /* Foundation.framework */,
				812FF131132561F00070074B /* CoreGraphics.framework */,
				81E8F2D6132577AD004C0957 /* libASTStoreController.a */,
			);
			name = Frameworks;
			sourceTree = "<group>";
		};
		812FF133132561F00070074B /* ASTStore */ = {
			isa = PBXGroup;
			children = (
				81671D0413280B9F00B12E3D /* Classes */,
				81671D0513280BB800B12E3D /* Resources */,
				81671D2C1329462E00B12E3D /* Libraries */,
				812FF134132561F00070074B /* Supporting Files */,
			);
			path = ASTStore;
			sourceTree = "<group>";
		};
		812FF134132561F00070074B /* Supporting Files */ = {
			isa = PBXGroup;
			children = (
				812FF135132561F00070074B /* ASTStore-Info.plist */,
				812FF136132561F00070074B /* InfoPlist.strings */,
				812FF139132561F00070074B /* ASTStore-Prefix.pch */,
				812FF13A132561F00070074B /* main.m */,
			);
			name = "Supporting Files";
			sourceTree = "<group>";
		};
		81671D0413280B9F00B12E3D /* Classes */ = {
			isa = PBXGroup;
			children = (
				812FF13C132561F00070074B /* ASTStoreAppDelegate.h */,
				812FF13D132561F00070074B /* ASTStoreAppDelegate.m */,
				812FF13F132561F00070074B /* MainWindow.xib */,
				812099D413748C6400907BED /* MainWindow-iPad.xib */,
				3705B2E4137461B500E10CF5 /* ASTRootViewController.h */,
				3705B2E5137461B500E10CF5 /* ASTRootViewController.m */,
				3705B2E6137461B500E10CF5 /* ASTRootViewController.xib */,
				3705B31A1374708A00E10CF5 /* ASTRootViewController-iPad.xib */,
				8120999B137488B400907BED /* ASTStoreDebugViewController.h */,
				8120996813746F0800907BED /* ASTStoreDebugViewController.m */,
				8120999C137488B900907BED /* ASTStoreDebugViewController.xib */,
			);
			name = Classes;
			sourceTree = "<group>";
		};
		81671D0513280BB800B12E3D /* Resources */ = {
			isa = PBXGroup;
			children = (
				81671CD91327D28000B12E3D /* sampleProductIdentifiers.plist */,
				81EE59F6132A61C800C722E4 /* ilSimKitProducts.plist */,
			);
			name = Resources;
			sourceTree = "<group>";
		};
		81671D2C1329462E00B12E3D /* Libraries */ = {
			isa = PBXGroup;
			children = (
				812099E61374C1CF00907BED /* ASTStoreControllerHeaders */,
				81BD897213256AB60041A29D /* ASTStoreController.xcodeproj */,
			);
			name = Libraries;
			sourceTree = "<group>";
		};
		81755A5B133B798F00A2331B /* Products */ = {
			isa = PBXGroup;
			children = (
				81755A5F133B798F00A2331B /* libASTStoreController.a */,
			);
			name = Products;
			sourceTree = "<group>";
		};
/* End PBXGroup section */

/* Begin PBXNativeTarget section */
		812FF128132561F00070074B /* ASTStore */ = {
			isa = PBXNativeTarget;
			buildConfigurationList = 812FF14A132561F00070074B /* Build configuration list for PBXNativeTarget "ASTStore" */;
			buildPhases = (
				812FF125132561F00070074B /* Sources */,
				812FF126132561F00070074B /* Frameworks */,
				812FF127132561F00070074B /* Resources */,
			);
			buildRules = (
			);
			dependencies = (
				81755A72133B79A400A2331B /* PBXTargetDependency */,
			);
			name = ASTStore;
			productName = ASTStore;
			productReference = 812FF129132561F00070074B /* ASTStore.app */;
			productType = "com.apple.product-type.application";
		};
/* End PBXNativeTarget section */

/* Begin PBXProject section */
		812FF120132561F00070074B /* Project object */ = {
			isa = PBXProject;
			attributes = {
				ORGANIZATIONNAME = "Anystone Technologies, Inc.";
			};
			buildConfigurationList = 812FF123132561F00070074B /* Build configuration list for PBXProject "ASTStore" */;
			compatibilityVersion = "Xcode 3.2";
			developmentRegion = English;
			hasScannedForEncodings = 0;
			knownRegions = (
				en,
			);
			mainGroup = 812FF11E132561F00070074B;
			productRefGroup = 812FF12A132561F00070074B /* Products */;
			projectDirPath = "";
			projectReferences = (
				{
					ProductGroup = 81755A5B133B798F00A2331B /* Products */;
					ProjectRef = 81BD897213256AB60041A29D /* ASTStoreController.xcodeproj */;
				},
			);
			projectRoot = "";
			targets = (
				812FF128132561F00070074B /* ASTStore */,
			);
		};
/* End PBXProject section */

/* Begin PBXReferenceProxy section */
		81755A5F133B798F00A2331B /* libASTStoreController.a */ = {
			isa = PBXReferenceProxy;
			fileType = archive.ar;
			path = libASTStoreController.a;
			remoteRef = 81755A5E133B798F00A2331B /* PBXContainerItemProxy */;
			sourceTree = BUILT_PRODUCTS_DIR;
		};
/* End PBXReferenceProxy section */

/* Begin PBXResourcesBuildPhase section */
		812FF127132561F00070074B /* Resources */ = {
			isa = PBXResourcesBuildPhase;
			buildActionMask = 2147483647;
			files = (
				812FF138132561F00070074B /* InfoPlist.strings in Resources */,
				812FF141132561F00070074B /* MainWindow.xib in Resources */,
				81671CDA1327D28000B12E3D /* sampleProductIdentifiers.plist in Resources */,
				81EE59F7132A61C800C722E4 /* ilSimKitProducts.plist in Resources */,
				3705B2E8137461B500E10CF5 /* ASTRootViewController.xib in Resources */,
				3705B31B1374708A00E10CF5 /* ASTRootViewController-iPad.xib in Resources */,
				8120999D137488B900907BED /* ASTStoreDebugViewController.xib in Resources */,
				812099D613748C6400907BED /* MainWindow-iPad.xib in Resources */,
				812099FE1374C1CF00907BED /* ASTStoreDetailViewController.xib in Resources */,
				812099FF1374C1CF00907BED /* ASTStoreTableViewCell.xib in Resources */,
				81209A001374C1CF00907BED /* ASTStoreViewController.xib in Resources */,
				81209A011374C1CF00907BED /* ASTStoreDetailViewController-iPad.xib in Resources */,
				81209A021374C1CF00907BED /* ASTStoreTableViewCell-iPad.xib in Resources */,
				81209A031374C1CF00907BED /* ASTStoreViewController-iPad.xib in Resources */,
				81209A041374C1CF00907BED /* ASTWebView-iPad.xib in Resources */,
				81209A051374C1CF00907BED /* ASTWebView.xib in Resources */,
				81209A061374C1CF00907BED /* storekit_navbar_button_black_effect.png in Resources */,
				81209A071374C1CF00907BED /* storekit_navbar_button_black_effect@2x.png in Resources */,
				81209A081374C1CF00907BED /* DropShadow-iPad.png in Resources */,
				81209A091374C1CF00907BED /* DropShadow.png in Resources */,
				81209A0A1374C1CF00907BED /* DropShadow@2x.png in Resources */,
				81209A0B1374C1CF00907BED /* default-purchase-image.png in Resources */,
				81209A0C1374C1CF00907BED /* default-purchase-image@2x.png in Resources */,
			);
			runOnlyForDeploymentPostprocessing = 0;
		};
/* End PBXResourcesBuildPhase section */

/* Begin PBXSourcesBuildPhase section */
		812FF125132561F00070074B /* Sources */ = {
			isa = PBXSourcesBuildPhase;
			buildActionMask = 2147483647;
			files = (
				812FF13B132561F00070074B /* main.m in Sources */,
				812FF13E132561F00070074B /* ASTStoreAppDelegate.m in Sources */,
				3705B2E7137461B500E10CF5 /* ASTRootViewController.m in Sources */,
				8120996A13746F0800907BED /* ASTStoreDebugViewController.m in Sources */,
			);
			runOnlyForDeploymentPostprocessing = 0;
		};
/* End PBXSourcesBuildPhase section */

/* Begin PBXTargetDependency section */
		81755A72133B79A400A2331B /* PBXTargetDependency */ = {
			isa = PBXTargetDependency;
			name = ASTStoreController;
			targetProxy = 81755A71133B79A400A2331B /* PBXContainerItemProxy */;
		};
/* End PBXTargetDependency section */

/* Begin PBXVariantGroup section */
		812099D413748C6400907BED /* MainWindow-iPad.xib */ = {
			isa = PBXVariantGroup;
			children = (
				812099D513748C6400907BED /* en */,
			);
			name = "MainWindow-iPad.xib";
			sourceTree = "<group>";
		};
		812FF136132561F00070074B /* InfoPlist.strings */ = {
			isa = PBXVariantGroup;
			children = (
				812FF137132561F00070074B /* en */,
			);
			name = InfoPlist.strings;
			sourceTree = "<group>";
		};
		812FF13F132561F00070074B /* MainWindow.xib */ = {
			isa = PBXVariantGroup;
			children = (
				812FF140132561F00070074B /* en */,
			);
			name = MainWindow.xib;
			sourceTree = "<group>";
		};
/* End PBXVariantGroup section */

/* Begin XCBuildConfiguration section */
		812FF148132561F00070074B /* Debug */ = {
			isa = XCBuildConfiguration;
			buildSettings = {
				ARCHS = "$(ARCHS_STANDARD_32_BIT)";
				"CODE_SIGN_IDENTITY[sdk=iphoneos*]" = "iPhone Developer";
				GCC_C_LANGUAGE_STANDARD = gnu99;
				GCC_OPTIMIZATION_LEVEL = 0;
				GCC_PREPROCESSOR_DEFINITIONS = DEBUG;
				GCC_SYMBOLS_PRIVATE_EXTERN = NO;
				GCC_VERSION = com.apple.compilers.llvm.clang.1_0;
				GCC_WARN_ABOUT_RETURN_TYPE = YES;
				GCC_WARN_UNUSED_VARIABLE = YES;
				IPHONEOS_DEPLOYMENT_TARGET = 4.0;
				OTHER_LDFLAGS = (
					"-ObjC",
					"-all_load",
				);
				RUN_CLANG_STATIC_ANALYZER = NO;
				SDKROOT = iphoneos;
				USER_HEADER_SEARCH_PATHS = "";
			};
			name = Debug;
		};
		812FF149132561F00070074B /* Release */ = {
			isa = XCBuildConfiguration;
			buildSettings = {
				ARCHS = "$(ARCHS_STANDARD_32_BIT)";
				"CODE_SIGN_IDENTITY[sdk=iphoneos*]" = "iPhone Developer";
				GCC_C_LANGUAGE_STANDARD = gnu99;
				GCC_VERSION = com.apple.compilers.llvm.clang.1_0;
				GCC_WARN_ABOUT_RETURN_TYPE = YES;
				GCC_WARN_UNUSED_VARIABLE = YES;
				IPHONEOS_DEPLOYMENT_TARGET = 4.0;
				OTHER_CFLAGS = "-DNS_BLOCK_ASSERTIONS=1";
				OTHER_LDFLAGS = (
					"-ObjC",
					"-all_load",
				);
				RUN_CLANG_STATIC_ANALYZER = YES;
				SDKROOT = iphoneos;
				USER_HEADER_SEARCH_PATHS = "";
				VALIDATE_PRODUCT = YES;
			};
			name = Release;
		};
		812FF14B132561F00070074B /* Debug */ = {
			isa = XCBuildConfiguration;
			buildSettings = {
				ALWAYS_SEARCH_USER_PATHS = NO;
				COPY_PHASE_STRIP = NO;
				GCC_DYNAMIC_NO_PIC = NO;
				GCC_PRECOMPILE_PREFIX_HEADER = YES;
				GCC_PREFIX_HEADER = "ASTStore/ASTStore-Prefix.pch";
				INFOPLIST_FILE = "ASTStore/ASTStore-Info.plist";
				IPHONEOS_DEPLOYMENT_TARGET = 4.0;
				LIBRARY_SEARCH_PATHS = (
					"$(inherited)",
					"\"$(SRCROOT)\"",
				);
				PRODUCT_NAME = "$(TARGET_NAME)";
				TARGETED_DEVICE_FAMILY = "1,2";
				WRAPPER_EXTENSION = app;
			};
			name = Debug;
		};
		812FF14C132561F00070074B /* Release */ = {
			isa = XCBuildConfiguration;
			buildSettings = {
				ALWAYS_SEARCH_USER_PATHS = NO;
				COPY_PHASE_STRIP = YES;
				GCC_PRECOMPILE_PREFIX_HEADER = YES;
				GCC_PREFIX_HEADER = "ASTStore/ASTStore-Prefix.pch";
				INFOPLIST_FILE = "ASTStore/ASTStore-Info.plist";
				IPHONEOS_DEPLOYMENT_TARGET = 4.0;
				LIBRARY_SEARCH_PATHS = (
					"$(inherited)",
					"\"$(SRCROOT)\"",
				);
				PRODUCT_NAME = "$(TARGET_NAME)";
				TARGETED_DEVICE_FAMILY = "1,2";
				VALIDATE_PRODUCT = YES;
				WRAPPER_EXTENSION = app;
			};
			name = Release;
		};
/* End XCBuildConfiguration section */

/* Begin XCConfigurationList section */
		812FF123132561F00070074B /* Build configuration list for PBXProject "ASTStore" */ = {
			isa = XCConfigurationList;
			buildConfigurations = (
				812FF148132561F00070074B /* Debug */,
				812FF149132561F00070074B /* Release */,
			);
			defaultConfigurationIsVisible = 0;
			defaultConfigurationName = Release;
		};
		812FF14A132561F00070074B /* Build configuration list for PBXNativeTarget "ASTStore" */ = {
			isa = XCConfigurationList;
			buildConfigurations = (
				812FF14B132561F00070074B /* Debug */,
				812FF14C132561F00070074B /* Release */,
			);
			defaultConfigurationIsVisible = 0;
			defaultConfigurationName = Release;
		};
/* End XCConfigurationList section */
	};
	rootObject = 812FF120132561F00070074B /* Project object */;
}
