// !$*UTF8*$!
{
	archiveVersion = 1;
	classes = {
	};
	objectVersion = 46;
	objects = {

/* Begin PBXBuildFile section */
		812FF1151325607F0070074B /* Foundation.framework in Frameworks */ = {isa = PBXBuildFile; fileRef = 812FF1141325607F0070074B /* Foundation.framework */; };
		812FF15B132563000070074B /* ASTStoreController.h in Headers */ = {isa = PBXBuildFile; fileRef = 812FF159132563000070074B /* ASTStoreController.h */; };
		812FF15C132563000070074B /* ASTStoreController.m in Sources */ = {isa = PBXBuildFile; fileRef = 812FF15A132563000070074B /* ASTStoreController.m */; };
		81671D441329479700B12E3D /* ILSimSKPayment.h in Headers */ = {isa = PBXBuildFile; fileRef = 81671D331329479700B12E3D /* ILSimSKPayment.h */; };
		81671D451329479700B12E3D /* ILSimSKPayment.m in Sources */ = {isa = PBXBuildFile; fileRef = 81671D341329479700B12E3D /* ILSimSKPayment.m */; };
		81671D461329479700B12E3D /* ILSimSKPaymentQueue.h in Headers */ = {isa = PBXBuildFile; fileRef = 81671D351329479700B12E3D /* ILSimSKPaymentQueue.h */; };
		81671D471329479700B12E3D /* ILSimSKPaymentQueue.m in Sources */ = {isa = PBXBuildFile; fileRef = 81671D361329479700B12E3D /* ILSimSKPaymentQueue.m */; };
		81671D481329479700B12E3D /* ILSimSKPaymentTransaction_Private.h in Headers */ = {isa = PBXBuildFile; fileRef = 81671D371329479700B12E3D /* ILSimSKPaymentTransaction_Private.h */; };
		81671D491329479700B12E3D /* ILSimSKPaymentTransaction.h in Headers */ = {isa = PBXBuildFile; fileRef = 81671D381329479700B12E3D /* ILSimSKPaymentTransaction.h */; };
		81671D4A1329479700B12E3D /* ILSimSKPaymentTransaction.m in Sources */ = {isa = PBXBuildFile; fileRef = 81671D391329479700B12E3D /* ILSimSKPaymentTransaction.m */; };
		81671D4B1329479700B12E3D /* ILSimSKProduct_Private.h in Headers */ = {isa = PBXBuildFile; fileRef = 81671D3A1329479700B12E3D /* ILSimSKProduct_Private.h */; };
		81671D4C1329479700B12E3D /* ILSimSKProduct.h in Headers */ = {isa = PBXBuildFile; fileRef = 81671D3B1329479700B12E3D /* ILSimSKProduct.h */; };
		81671D4D1329479700B12E3D /* ILSimSKProduct.m in Sources */ = {isa = PBXBuildFile; fileRef = 81671D3C1329479700B12E3D /* ILSimSKProduct.m */; };
		81671D4E1329479700B12E3D /* ILSimSKProductsRequest.h in Headers */ = {isa = PBXBuildFile; fileRef = 81671D3D1329479700B12E3D /* ILSimSKProductsRequest.h */; };
		81671D4F1329479700B12E3D /* ILSimSKProductsRequest.m in Sources */ = {isa = PBXBuildFile; fileRef = 81671D3E1329479700B12E3D /* ILSimSKProductsRequest.m */; };
		81671D501329479700B12E3D /* ILSimSKRequest.h in Headers */ = {isa = PBXBuildFile; fileRef = 81671D3F1329479700B12E3D /* ILSimSKRequest.h */; };
		81671D511329479700B12E3D /* ILSimSKRequest.m in Sources */ = {isa = PBXBuildFile; fileRef = 81671D401329479700B12E3D /* ILSimSKRequest.m */; };
		81671D521329479700B12E3D /* ILSimSKTiers.h in Headers */ = {isa = PBXBuildFile; fileRef = 81671D411329479700B12E3D /* ILSimSKTiers.h */; };
		81671D531329479700B12E3D /* ILSimSKTiers.m in Sources */ = {isa = PBXBuildFile; fileRef = 81671D421329479700B12E3D /* ILSimSKTiers.m */; };
		81671D541329479700B12E3D /* ILSimStoreKit.h in Headers */ = {isa = PBXBuildFile; fileRef = 81671D431329479700B12E3D /* ILSimStoreKit.h */; };
		81671D571329490C00B12E3D /* ASTStoreKit.h in Headers */ = {isa = PBXBuildFile; fileRef = 81671D561329490C00B12E3D /* ASTStoreKit.h */; };
		8184214A1326819C001D5CDC /* ASTPrefix.pch in Headers */ = {isa = PBXBuildFile; fileRef = 818421491326819C001D5CDC /* ASTPrefix.pch */; };
		8184215D13268E16001D5CDC /* ASTStoreProduct.h in Headers */ = {isa = PBXBuildFile; fileRef = 8184215B13268E15001D5CDC /* ASTStoreProduct.h */; };
		8184215E13268E16001D5CDC /* ASTStoreProduct.m in Sources */ = {isa = PBXBuildFile; fileRef = 8184215C13268E16001D5CDC /* ASTStoreProduct.m */; };
		8184216B1326AB78001D5CDC /* ASTStoreProduct+Private.h in Headers */ = {isa = PBXBuildFile; fileRef = 8184216A1326AB78001D5CDC /* ASTStoreProduct+Private.h */; };
		8184216E1326B56F001D5CDC /* ASTStoreProductPlistReader.h in Headers */ = {isa = PBXBuildFile; fileRef = 8184216C1326B56F001D5CDC /* ASTStoreProductPlistReader.h */; };
		8184216F1326B56F001D5CDC /* ASTStoreProductPlistReader.m in Sources */ = {isa = PBXBuildFile; fileRef = 8184216D1326B56F001D5CDC /* ASTStoreProductPlistReader.m */; };
/* End PBXBuildFile section */

/* Begin PBXFileReference section */
		812FF1111325607F0070074B /* libASTStoreController.a */ = {isa = PBXFileReference; explicitFileType = archive.ar; includeInIndex = 0; path = libASTStoreController.a; sourceTree = BUILT_PRODUCTS_DIR; };
		812FF1141325607F0070074B /* Foundation.framework */ = {isa = PBXFileReference; lastKnownFileType = wrapper.framework; name = Foundation.framework; path = System/Library/Frameworks/Foundation.framework; sourceTree = SDKROOT; };
		812FF1181325607F0070074B /* ASTStoreController-Prefix.pch */ = {isa = PBXFileReference; lastKnownFileType = sourcecode.c.h; path = "ASTStoreController-Prefix.pch"; sourceTree = "<group>"; };
		812FF159132563000070074B /* ASTStoreController.h */ = {isa = PBXFileReference; fileEncoding = 4; lastKnownFileType = sourcecode.c.h; name = ASTStoreController.h; path = ASTStoreController/ASTStoreController.h; sourceTree = "<group>"; };
		812FF15A132563000070074B /* ASTStoreController.m */ = {isa = PBXFileReference; fileEncoding = 4; lastKnownFileType = sourcecode.c.objc; path = ASTStoreController.m; sourceTree = "<group>"; };
		81671D331329479700B12E3D /* ILSimSKPayment.h */ = {isa = PBXFileReference; fileEncoding = 4; lastKnownFileType = sourcecode.c.h; path = ILSimSKPayment.h; sourceTree = "<group>"; };
		81671D341329479700B12E3D /* ILSimSKPayment.m */ = {isa = PBXFileReference; fileEncoding = 4; lastKnownFileType = sourcecode.c.objc; path = ILSimSKPayment.m; sourceTree = "<group>"; };
		81671D351329479700B12E3D /* ILSimSKPaymentQueue.h */ = {isa = PBXFileReference; fileEncoding = 4; lastKnownFileType = sourcecode.c.h; path = ILSimSKPaymentQueue.h; sourceTree = "<group>"; };
		81671D361329479700B12E3D /* ILSimSKPaymentQueue.m */ = {isa = PBXFileReference; fileEncoding = 4; lastKnownFileType = sourcecode.c.objc; path = ILSimSKPaymentQueue.m; sourceTree = "<group>"; };
		81671D371329479700B12E3D /* ILSimSKPaymentTransaction_Private.h */ = {isa = PBXFileReference; fileEncoding = 4; lastKnownFileType = sourcecode.c.h; path = ILSimSKPaymentTransaction_Private.h; sourceTree = "<group>"; };
		81671D381329479700B12E3D /* ILSimSKPaymentTransaction.h */ = {isa = PBXFileReference; fileEncoding = 4; lastKnownFileType = sourcecode.c.h; path = ILSimSKPaymentTransaction.h; sourceTree = "<group>"; };
		81671D391329479700B12E3D /* ILSimSKPaymentTransaction.m */ = {isa = PBXFileReference; fileEncoding = 4; lastKnownFileType = sourcecode.c.objc; path = ILSimSKPaymentTransaction.m; sourceTree = "<group>"; };
		81671D3A1329479700B12E3D /* ILSimSKProduct_Private.h */ = {isa = PBXFileReference; fileEncoding = 4; lastKnownFileType = sourcecode.c.h; path = ILSimSKProduct_Private.h; sourceTree = "<group>"; };
		81671D3B1329479700B12E3D /* ILSimSKProduct.h */ = {isa = PBXFileReference; fileEncoding = 4; lastKnownFileType = sourcecode.c.h; path = ILSimSKProduct.h; sourceTree = "<group>"; };
		81671D3C1329479700B12E3D /* ILSimSKProduct.m */ = {isa = PBXFileReference; fileEncoding = 4; lastKnownFileType = sourcecode.c.objc; path = ILSimSKProduct.m; sourceTree = "<group>"; };
		81671D3D1329479700B12E3D /* ILSimSKProductsRequest.h */ = {isa = PBXFileReference; fileEncoding = 4; lastKnownFileType = sourcecode.c.h; path = ILSimSKProductsRequest.h; sourceTree = "<group>"; };
		81671D3E1329479700B12E3D /* ILSimSKProductsRequest.m */ = {isa = PBXFileReference; fileEncoding = 4; lastKnownFileType = sourcecode.c.objc; path = ILSimSKProductsRequest.m; sourceTree = "<group>"; };
		81671D3F1329479700B12E3D /* ILSimSKRequest.h */ = {isa = PBXFileReference; fileEncoding = 4; lastKnownFileType = sourcecode.c.h; path = ILSimSKRequest.h; sourceTree = "<group>"; };
		81671D401329479700B12E3D /* ILSimSKRequest.m */ = {isa = PBXFileReference; fileEncoding = 4; lastKnownFileType = sourcecode.c.objc; path = ILSimSKRequest.m; sourceTree = "<group>"; };
		81671D411329479700B12E3D /* ILSimSKTiers.h */ = {isa = PBXFileReference; fileEncoding = 4; lastKnownFileType = sourcecode.c.h; path = ILSimSKTiers.h; sourceTree = "<group>"; };
		81671D421329479700B12E3D /* ILSimSKTiers.m */ = {isa = PBXFileReference; fileEncoding = 4; lastKnownFileType = sourcecode.c.objc; path = ILSimSKTiers.m; sourceTree = "<group>"; };
		81671D431329479700B12E3D /* ILSimStoreKit.h */ = {isa = PBXFileReference; fileEncoding = 4; lastKnownFileType = sourcecode.c.h; path = ILSimStoreKit.h; sourceTree = "<group>"; };
		81671D55132947A600B12E3D /* README.md */ = {isa = PBXFileReference; fileEncoding = 4; lastKnownFileType = text; path = README.md; sourceTree = "<group>"; };
		81671D561329490C00B12E3D /* ASTStoreKit.h */ = {isa = PBXFileReference; fileEncoding = 4; lastKnownFileType = sourcecode.c.h; path = ASTStoreKit.h; sourceTree = "<group>"; };
		818421491326819C001D5CDC /* ASTPrefix.pch */ = {isa = PBXFileReference; fileEncoding = 4; lastKnownFileType = sourcecode.c.h; path = ASTPrefix.pch; sourceTree = "<group>"; };
		8184215B13268E15001D5CDC /* ASTStoreProduct.h */ = {isa = PBXFileReference; fileEncoding = 4; lastKnownFileType = sourcecode.c.h; name = ASTStoreProduct.h; path = ASTStoreController/ASTStoreProduct.h; sourceTree = "<group>"; };
		8184215C13268E16001D5CDC /* ASTStoreProduct.m */ = {isa = PBXFileReference; fileEncoding = 4; lastKnownFileType = sourcecode.c.objc; path = ASTStoreProduct.m; sourceTree = "<group>"; };
		818421601326A140001D5CDC /* sampleProductIdentifiers.plist */ = {isa = PBXFileReference; fileEncoding = 4; lastKnownFileType = text.plist.xml; path = sampleProductIdentifiers.plist; sourceTree = "<group>"; };
		8184216A1326AB78001D5CDC /* ASTStoreProduct+Private.h */ = {isa = PBXFileReference; fileEncoding = 4; lastKnownFileType = sourcecode.c.h; path = "ASTStoreProduct+Private.h"; sourceTree = "<group>"; };
		8184216C1326B56F001D5CDC /* ASTStoreProductPlistReader.h */ = {isa = PBXFileReference; fileEncoding = 4; lastKnownFileType = sourcecode.c.h; path = ASTStoreProductPlistReader.h; sourceTree = "<group>"; };
		8184216D1326B56F001D5CDC /* ASTStoreProductPlistReader.m */ = {isa = PBXFileReference; fileEncoding = 4; lastKnownFileType = sourcecode.c.objc; path = ASTStoreProductPlistReader.m; sourceTree = "<group>"; };
		81EE59F5132A613C00C722E4 /* ilSimKitProducts.plist */ = {isa = PBXFileReference; fileEncoding = 4; lastKnownFileType = text.plist.xml; path = ilSimKitProducts.plist; sourceTree = "<group>"; };
/* End PBXFileReference section */

/* Begin PBXFrameworksBuildPhase section */
		812FF10E1325607F0070074B /* Frameworks */ = {
			isa = PBXFrameworksBuildPhase;
			buildActionMask = 2147483647;
			files = (
				812FF1151325607F0070074B /* Foundation.framework in Frameworks */,
			);
			runOnlyForDeploymentPostprocessing = 0;
		};
/* End PBXFrameworksBuildPhase section */

/* Begin PBXGroup section */
		812FF1061325607F0070074B = {
			isa = PBXGroup;
			children = (
				8184214713268177001D5CDC /* ASTStoreControllerHeaders */,
				812FF1161325607F0070074B /* ASTStoreController */,
				81671D311329472300B12E3D /* SimStoreKit */,
				812FF1131325607F0070074B /* Frameworks */,
				812FF1121325607F0070074B /* Products */,
			);
			sourceTree = "<group>";
		};
		812FF1121325607F0070074B /* Products */ = {
			isa = PBXGroup;
			children = (
				812FF1111325607F0070074B /* libASTStoreController.a */,
			);
			name = Products;
			sourceTree = "<group>";
		};
		812FF1131325607F0070074B /* Frameworks */ = {
			isa = PBXGroup;
			children = (
				812FF1141325607F0070074B /* Foundation.framework */,
			);
			name = Frameworks;
			sourceTree = "<group>";
		};
		812FF1161325607F0070074B /* ASTStoreController */ = {
			isa = PBXGroup;
			children = (
				818421691326A968001D5CDC /* Classes */,
				8184215F1326A10D001D5CDC /* Samples */,
				812FF1171325607F0070074B /* Supporting Files */,
			);
			path = ASTStoreController;
			sourceTree = "<group>";
		};
		812FF1171325607F0070074B /* Supporting Files */ = {
			isa = PBXGroup;
			children = (
				812FF1181325607F0070074B /* ASTStoreController-Prefix.pch */,
			);
			name = "Supporting Files";
			sourceTree = "<group>";
		};
		81671D311329472300B12E3D /* SimStoreKit */ = {
			isa = PBXGroup;
			children = (
				81671D55132947A600B12E3D /* README.md */,
				81671D331329479700B12E3D /* ILSimSKPayment.h */,
				81671D341329479700B12E3D /* ILSimSKPayment.m */,
				81671D351329479700B12E3D /* ILSimSKPaymentQueue.h */,
				81671D361329479700B12E3D /* ILSimSKPaymentQueue.m */,
				81671D371329479700B12E3D /* ILSimSKPaymentTransaction_Private.h */,
				81671D381329479700B12E3D /* ILSimSKPaymentTransaction.h */,
				81671D391329479700B12E3D /* ILSimSKPaymentTransaction.m */,
				81671D3A1329479700B12E3D /* ILSimSKProduct_Private.h */,
				81671D3B1329479700B12E3D /* ILSimSKProduct.h */,
				81671D3C1329479700B12E3D /* ILSimSKProduct.m */,
				81671D3D1329479700B12E3D /* ILSimSKProductsRequest.h */,
				81671D3E1329479700B12E3D /* ILSimSKProductsRequest.m */,
				81671D3F1329479700B12E3D /* ILSimSKRequest.h */,
				81671D401329479700B12E3D /* ILSimSKRequest.m */,
				81671D411329479700B12E3D /* ILSimSKTiers.h */,
				81671D421329479700B12E3D /* ILSimSKTiers.m */,
				81671D431329479700B12E3D /* ILSimStoreKit.h */,
			);
			name = SimStoreKit;
			sourceTree = "<group>";
		};
		8184214713268177001D5CDC /* ASTStoreControllerHeaders */ = {
			isa = PBXGroup;
			children = (
				812FF159132563000070074B /* ASTStoreController.h */,
				8184215B13268E15001D5CDC /* ASTStoreProduct.h */,
				818421491326819C001D5CDC /* ASTPrefix.pch */,
			);
			name = ASTStoreControllerHeaders;
			sourceTree = "<group>";
		};
		8184215F1326A10D001D5CDC /* Samples */ = {
			isa = PBXGroup;
			children = (
				81EE59F5132A613C00C722E4 /* ilSimKitProducts.plist */,
				818421601326A140001D5CDC /* sampleProductIdentifiers.plist */,
			);
			name = Samples;
			sourceTree = "<group>";
		};
		818421691326A968001D5CDC /* Classes */ = {
			isa = PBXGroup;
			children = (
				812FF15A132563000070074B /* ASTStoreController.m */,
				8184215C13268E16001D5CDC /* ASTStoreProduct.m */,
				8184216A1326AB78001D5CDC /* ASTStoreProduct+Private.h */,
				8184216C1326B56F001D5CDC /* ASTStoreProductPlistReader.h */,
				8184216D1326B56F001D5CDC /* ASTStoreProductPlistReader.m */,
				81671D561329490C00B12E3D /* ASTStoreKit.h */,
			);
			name = Classes;
			sourceTree = "<group>";
		};
/* End PBXGroup section */

/* Begin PBXHeadersBuildPhase section */
		812FF10F1325607F0070074B /* Headers */ = {
			isa = PBXHeadersBuildPhase;
			buildActionMask = 2147483647;
			files = (
				812FF15B132563000070074B /* ASTStoreController.h in Headers */,
				8184214A1326819C001D5CDC /* ASTPrefix.pch in Headers */,
				8184215D13268E16001D5CDC /* ASTStoreProduct.h in Headers */,
				8184216B1326AB78001D5CDC /* ASTStoreProduct+Private.h in Headers */,
				8184216E1326B56F001D5CDC /* ASTStoreProductPlistReader.h in Headers */,
				81671D441329479700B12E3D /* ILSimSKPayment.h in Headers */,
				81671D461329479700B12E3D /* ILSimSKPaymentQueue.h in Headers */,
				81671D481329479700B12E3D /* ILSimSKPaymentTransaction_Private.h in Headers */,
				81671D491329479700B12E3D /* ILSimSKPaymentTransaction.h in Headers */,
				81671D4B1329479700B12E3D /* ILSimSKProduct_Private.h in Headers */,
				81671D4C1329479700B12E3D /* ILSimSKProduct.h in Headers */,
				81671D4E1329479700B12E3D /* ILSimSKProductsRequest.h in Headers */,
				81671D501329479700B12E3D /* ILSimSKRequest.h in Headers */,
				81671D521329479700B12E3D /* ILSimSKTiers.h in Headers */,
				81671D541329479700B12E3D /* ILSimStoreKit.h in Headers */,
				81671D571329490C00B12E3D /* ASTStoreKit.h in Headers */,
			);
			runOnlyForDeploymentPostprocessing = 0;
		};
/* End PBXHeadersBuildPhase section */

/* Begin PBXNativeTarget section */
		812FF1101325607F0070074B /* ASTStoreController */ = {
			isa = PBXNativeTarget;
			buildConfigurationList = 812FF11B1325607F0070074B /* Build configuration list for PBXNativeTarget "ASTStoreController" */;
			buildPhases = (
				812FF10D1325607F0070074B /* Sources */,
				812FF10E1325607F0070074B /* Frameworks */,
				812FF10F1325607F0070074B /* Headers */,
			);
			buildRules = (
			);
			dependencies = (
			);
			name = ASTStoreController;
			productName = ASTStoreController;
			productReference = 812FF1111325607F0070074B /* libASTStoreController.a */;
			productType = "com.apple.product-type.library.static";
		};
/* End PBXNativeTarget section */

/* Begin PBXProject section */
		812FF1081325607F0070074B /* Project object */ = {
			isa = PBXProject;
			attributes = {
				ORGANIZATIONNAME = "Anystone Technologies, Inc.";
			};
			buildConfigurationList = 812FF10B1325607F0070074B /* Build configuration list for PBXProject "ASTStoreController" */;
			compatibilityVersion = "Xcode 3.2";
			developmentRegion = English;
			hasScannedForEncodings = 0;
			knownRegions = (
				en,
			);
			mainGroup = 812FF1061325607F0070074B;
			productRefGroup = 812FF1121325607F0070074B /* Products */;
			projectDirPath = "";
			projectRoot = "";
			targets = (
				812FF1101325607F0070074B /* ASTStoreController */,
			);
		};
/* End PBXProject section */

/* Begin PBXSourcesBuildPhase section */
		812FF10D1325607F0070074B /* Sources */ = {
			isa = PBXSourcesBuildPhase;
			buildActionMask = 2147483647;
			files = (
				812FF15C132563000070074B /* ASTStoreController.m in Sources */,
				8184215E13268E16001D5CDC /* ASTStoreProduct.m in Sources */,
				8184216F1326B56F001D5CDC /* ASTStoreProductPlistReader.m in Sources */,
				81671D451329479700B12E3D /* ILSimSKPayment.m in Sources */,
				81671D471329479700B12E3D /* ILSimSKPaymentQueue.m in Sources */,
				81671D4A1329479700B12E3D /* ILSimSKPaymentTransaction.m in Sources */,
				81671D4D1329479700B12E3D /* ILSimSKProduct.m in Sources */,
				81671D4F1329479700B12E3D /* ILSimSKProductsRequest.m in Sources */,
				81671D511329479700B12E3D /* ILSimSKRequest.m in Sources */,
				81671D531329479700B12E3D /* ILSimSKTiers.m in Sources */,
			);
			runOnlyForDeploymentPostprocessing = 0;
		};
/* End PBXSourcesBuildPhase section */

/* Begin XCBuildConfiguration section */
		812FF1191325607F0070074B /* Debug */ = {
			isa = XCBuildConfiguration;
			buildSettings = {
				ARCHS = "$(ARCHS_STANDARD_32_BIT)";
				GCC_C_LANGUAGE_STANDARD = gnu99;
				GCC_OPTIMIZATION_LEVEL = 0;
				GCC_PREPROCESSOR_DEFINITIONS = DEBUG;
				GCC_SYMBOLS_PRIVATE_EXTERN = NO;
				GCC_VERSION = com.apple.compilers.llvm.clang.1_0;
				GCC_WARN_ABOUT_RETURN_TYPE = YES;
				GCC_WARN_UNUSED_VARIABLE = YES;
				INSTALL_PATH = "";
				IPHONEOS_DEPLOYMENT_TARGET = 4.0;
				RUN_CLANG_STATIC_ANALYZER = YES;
				SDKROOT = iphoneos;
				SKIP_INSTALL = YES;
			};
			name = Debug;
		};
		812FF11A1325607F0070074B /* Release */ = {
			isa = XCBuildConfiguration;
			buildSettings = {
				ARCHS = "$(ARCHS_STANDARD_32_BIT)";
				GCC_C_LANGUAGE_STANDARD = gnu99;
				GCC_VERSION = com.apple.compilers.llvm.clang.1_0;
				GCC_WARN_ABOUT_RETURN_TYPE = YES;
				GCC_WARN_UNUSED_VARIABLE = YES;
				INSTALL_PATH = "";
				IPHONEOS_DEPLOYMENT_TARGET = 4.0;
				RUN_CLANG_STATIC_ANALYZER = YES;
				SDKROOT = iphoneos;
				SKIP_INSTALL = YES;
			};
			name = Release;
		};
		812FF11C1325607F0070074B /* Debug */ = {
			isa = XCBuildConfiguration;
			buildSettings = {
				ALWAYS_SEARCH_USER_PATHS = NO;
				DSTROOT = /tmp/ASTStoreController.dst;
				GCC_PRECOMPILE_PREFIX_HEADER = YES;
				GCC_PREFIX_HEADER = "ASTStoreController/ASTStoreController-Prefix.pch";
				OTHER_LDFLAGS = "-ObjC";
				PRODUCT_NAME = "$(TARGET_NAME)";
			};
			name = Debug;
		};
		812FF11D1325607F0070074B /* Release */ = {
			isa = XCBuildConfiguration;
			buildSettings = {
				ALWAYS_SEARCH_USER_PATHS = NO;
				DSTROOT = /tmp/ASTStoreController.dst;
				GCC_PRECOMPILE_PREFIX_HEADER = YES;
				GCC_PREFIX_HEADER = "ASTStoreController/ASTStoreController-Prefix.pch";
				OTHER_LDFLAGS = "-ObjC";
				PRODUCT_NAME = "$(TARGET_NAME)";
			};
			name = Release;
		};
/* End XCBuildConfiguration section */

/* Begin XCConfigurationList section */
		812FF10B1325607F0070074B /* Build configuration list for PBXProject "ASTStoreController" */ = {
			isa = XCConfigurationList;
			buildConfigurations = (
				812FF1191325607F0070074B /* Debug */,
				812FF11A1325607F0070074B /* Release */,
			);
			defaultConfigurationIsVisible = 0;
			defaultConfigurationName = Release;
		};
		812FF11B1325607F0070074B /* Build configuration list for PBXNativeTarget "ASTStoreController" */ = {
			isa = XCConfigurationList;
			buildConfigurations = (
				812FF11C1325607F0070074B /* Debug */,
				812FF11D1325607F0070074B /* Release */,
			);
			defaultConfigurationIsVisible = 0;
			defaultConfigurationName = Release;
		};
/* End XCConfigurationList section */
	};
	rootObject = 812FF1081325607F0070074B /* Project object */;
}
