// !$*UTF8*$!
{
	archiveVersion = 1;
	classes = {
	};
	objectVersion = 46;
	objects = {

/* Begin PBXBuildFile section */
		812FF1151325607F0070074B /* Foundation.framework in Frameworks */ = {isa = PBXBuildFile; fileRef = 812FF1141325607F0070074B /* Foundation.framework */; };
		812FF15B132563000070074B /* ASTStoreController.h in Headers */ = {isa = PBXBuildFile; fileRef = 812FF159132563000070074B /* ASTStoreController.h */; };
		812FF15C132563000070074B /* ASTStoreController.m in Sources */ = {isa = PBXBuildFile; fileRef = 812FF15A132563000070074B /* ASTStoreController.m */; };
		81671D441329479700B12E3D /* ILSimSKPayment.h in Headers */ = {isa = PBXBuildFile; fileRef = 81671D331329479700B12E3D /* ILSimSKPayment.h */; };
		81671D451329479700B12E3D /* ILSimSKPayment.m in Sources */ = {isa = PBXBuildFile; fileRef = 81671D341329479700B12E3D /* ILSimSKPayment.m */; };
		81671D461329479700B12E3D /* ILSimSKPaymentQueue.h in Headers */ = {isa = PBXBuildFile; fileRef = 81671D351329479700B12E3D /* ILSimSKPaymentQueue.h */; };
		81671D471329479700B12E3D /* ILSimSKPaymentQueue.m in Sources */ = {isa = PBXBuildFile; fileRef = 81671D361329479700B12E3D /* ILSimSKPaymentQueue.m */; };
		81671D481329479700B12E3D /* ILSimSKPaymentTransaction_Private.h in Headers */ = {isa = PBXBuildFile; fileRef = 81671D371329479700B12E3D /* ILSimSKPaymentTransaction_Private.h */; };
		81671D491329479700B12E3D /* ILSimSKPaymentTransaction.h in Headers */ = {isa = PBXBuildFile; fileRef = 81671D381329479700B12E3D /* ILSimSKPaymentTransaction.h */; };
		81671D4A1329479700B12E3D /* ILSimSKPaymentTransaction.m in Sources */ = {isa = PBXBuildFile; fileRef = 81671D391329479700B12E3D /* ILSimSKPaymentTransaction.m */; };
		81671D4B1329479700B12E3D /* ILSimSKProduct_Private.h in Headers */ = {isa = PBXBuildFile; fileRef = 81671D3A1329479700B12E3D /* ILSimSKProduct_Private.h */; };
		81671D4C1329479700B12E3D /* ILSimSKProduct.h in Headers */ = {isa = PBXBuildFile; fileRef = 81671D3B1329479700B12E3D /* ILSimSKProduct.h */; };
		81671D4D1329479700B12E3D /* ILSimSKProduct.m in Sources */ = {isa = PBXBuildFile; fileRef = 81671D3C1329479700B12E3D /* ILSimSKProduct.m */; };
		81671D4E1329479700B12E3D /* ILSimSKProductsRequest.h in Headers */ = {isa = PBXBuildFile; fileRef = 81671D3D1329479700B12E3D /* ILSimSKProductsRequest.h */; };
		81671D4F1329479700B12E3D /* ILSimSKProductsRequest.m in Sources */ = {isa = PBXBuildFile; fileRef = 81671D3E1329479700B12E3D /* ILSimSKProductsRequest.m */; };
		81671D501329479700B12E3D /* ILSimSKRequest.h in Headers */ = {isa = PBXBuildFile; fileRef = 81671D3F1329479700B12E3D /* ILSimSKRequest.h */; };
		81671D511329479700B12E3D /* ILSimSKRequest.m in Sources */ = {isa = PBXBuildFile; fileRef = 81671D401329479700B12E3D /* ILSimSKRequest.m */; };
		81671D521329479700B12E3D /* ILSimSKTiers.h in Headers */ = {isa = PBXBuildFile; fileRef = 81671D411329479700B12E3D /* ILSimSKTiers.h */; };
		81671D531329479700B12E3D /* ILSimSKTiers.m in Sources */ = {isa = PBXBuildFile; fileRef = 81671D421329479700B12E3D /* ILSimSKTiers.m */; };
		81671D541329479700B12E3D /* ILSimStoreKit.h in Headers */ = {isa = PBXBuildFile; fileRef = 81671D431329479700B12E3D /* ILSimStoreKit.h */; };
		81671D571329490C00B12E3D /* ASTStoreKit.h in Headers */ = {isa = PBXBuildFile; fileRef = 81671D561329490C00B12E3D /* ASTStoreKit.h */; };
		8178D5C4132FBAB100A06922 /* ASTStoreProductData.h in Headers */ = {isa = PBXBuildFile; fileRef = 8178D5C2132FBAB000A06922 /* ASTStoreProductData.h */; };
		8178D5C5132FBAB100A06922 /* ASTStoreProductData.m in Sources */ = {isa = PBXBuildFile; fileRef = 8178D5C3132FBAB000A06922 /* ASTStoreProductData.m */; };
		8178D5CF132FC6C100A06922 /* ASTStoreProductTypes.h in Headers */ = {isa = PBXBuildFile; fileRef = 8178D5CE132FC6C100A06922 /* ASTStoreProductTypes.h */; };
		8178D5D3132FFBF800A06922 /* ASTStoreFamilyData.h in Headers */ = {isa = PBXBuildFile; fileRef = 8178D5D1132FFBF700A06922 /* ASTStoreFamilyData.h */; };
		8178D5D4132FFBF800A06922 /* ASTStoreFamilyData.m in Sources */ = {isa = PBXBuildFile; fileRef = 8178D5D2132FFBF700A06922 /* ASTStoreFamilyData.m */; };
		8184214A1326819C001D5CDC /* ASTPrefix.pch in Headers */ = {isa = PBXBuildFile; fileRef = 818421491326819C001D5CDC /* ASTPrefix.pch */; };
		8184215D13268E16001D5CDC /* ASTStoreProduct.h in Headers */ = {isa = PBXBuildFile; fileRef = 8184215B13268E15001D5CDC /* ASTStoreProduct.h */; };
		8184215E13268E16001D5CDC /* ASTStoreProduct.m in Sources */ = {isa = PBXBuildFile; fileRef = 8184215C13268E16001D5CDC /* ASTStoreProduct.m */; };
		8184216B1326AB78001D5CDC /* ASTStoreProduct+Private.h in Headers */ = {isa = PBXBuildFile; fileRef = 8184216A1326AB78001D5CDC /* ASTStoreProduct+Private.h */; };
		8184216E1326B56F001D5CDC /* ASTStoreProductPlistReader.h in Headers */ = {isa = PBXBuildFile; fileRef = 8184216C1326B56F001D5CDC /* ASTStoreProductPlistReader.h */; };
		8184216F1326B56F001D5CDC /* ASTStoreProductPlistReader.m in Sources */ = {isa = PBXBuildFile; fileRef = 8184216D1326B56F001D5CDC /* ASTStoreProductPlistReader.m */; };
		8193B9571342633C00508914 /* ASTStoreProductInfoKeys.h in Headers */ = {isa = PBXBuildFile; fileRef = 8193B9561342633B00508914 /* ASTStoreProductInfoKeys.h */; };
		8196CB6513338D83000C5286 /* ASTStoreServer.h in Headers */ = {isa = PBXBuildFile; fileRef = 8196CB6313338D82000C5286 /* ASTStoreServer.h */; };
		8196CB6613338D83000C5286 /* ASTStoreServer.m in Sources */ = {isa = PBXBuildFile; fileRef = 8196CB6413338D82000C5286 /* ASTStoreServer.m */; };
		8196CB7D1333BDD3000C5286 /* ASIAuthenticationDialog.h in Headers */ = {isa = PBXBuildFile; fileRef = 8196CB7B1333BDD3000C5286 /* ASIAuthenticationDialog.h */; };
		8196CB821333BDE1000C5286 /* ASIProgressDelegate.h in Headers */ = {isa = PBXBuildFile; fileRef = 8196CB801333BDE1000C5286 /* ASIProgressDelegate.h */; };
		8196CB851333BE05000C5286 /* ASIHTTPRequest.h in Headers */ = {isa = PBXBuildFile; fileRef = 8196CB831333BE05000C5286 /* ASIHTTPRequest.h */; };
		8196CB861333BE05000C5286 /* ASIHTTPRequest.m in Sources */ = {isa = PBXBuildFile; fileRef = 8196CB841333BE05000C5286 /* ASIHTTPRequest.m */; };
		8196CB8B1333BE12000C5286 /* ASIDataCompressor.h in Headers */ = {isa = PBXBuildFile; fileRef = 8196CB871333BE12000C5286 /* ASIDataCompressor.h */; };
		8196CB8C1333BE12000C5286 /* ASIDataCompressor.m in Sources */ = {isa = PBXBuildFile; fileRef = 8196CB881333BE12000C5286 /* ASIDataCompressor.m */; };
		8196CB8D1333BE12000C5286 /* ASIDataDecompressor.h in Headers */ = {isa = PBXBuildFile; fileRef = 8196CB891333BE12000C5286 /* ASIDataDecompressor.h */; };
		8196CB8E1333BE12000C5286 /* ASIDataDecompressor.m in Sources */ = {isa = PBXBuildFile; fileRef = 8196CB8A1333BE12000C5286 /* ASIDataDecompressor.m */; };
		8196CB911333BE1B000C5286 /* ASIFormDataRequest.h in Headers */ = {isa = PBXBuildFile; fileRef = 8196CB8F1333BE1B000C5286 /* ASIFormDataRequest.h */; };
		8196CB921333BE1B000C5286 /* ASIFormDataRequest.m in Sources */ = {isa = PBXBuildFile; fileRef = 8196CB901333BE1B000C5286 /* ASIFormDataRequest.m */; };
		8196CB951333BE24000C5286 /* ASIInputStream.h in Headers */ = {isa = PBXBuildFile; fileRef = 8196CB931333BE24000C5286 /* ASIInputStream.h */; };
		8196CB961333BE24000C5286 /* ASIInputStream.m in Sources */ = {isa = PBXBuildFile; fileRef = 8196CB941333BE24000C5286 /* ASIInputStream.m */; };
		8196CB991333BE33000C5286 /* ASINetworkQueue.h in Headers */ = {isa = PBXBuildFile; fileRef = 8196CB971333BE33000C5286 /* ASINetworkQueue.h */; };
		8196CB9A1333BE33000C5286 /* ASINetworkQueue.m in Sources */ = {isa = PBXBuildFile; fileRef = 8196CB981333BE33000C5286 /* ASINetworkQueue.m */; };
		8196CBA21333BE52000C5286 /* Reachability.h in Headers */ = {isa = PBXBuildFile; fileRef = 8196CBA01333BE52000C5286 /* Reachability.h */; };
		8196CBA31333BE52000C5286 /* Reachability.m in Sources */ = {isa = PBXBuildFile; fileRef = 8196CBA11333BE52000C5286 /* Reachability.m */; };
		8196CBA51333BE69000C5286 /* ASIHTTPRequestConfig.h in Headers */ = {isa = PBXBuildFile; fileRef = 8196CBA41333BE69000C5286 /* ASIHTTPRequestConfig.h */; };
		8196CBA71333BE7C000C5286 /* ASIHTTPRequestDelegate.h in Headers */ = {isa = PBXBuildFile; fileRef = 8196CBA61333BE7C000C5286 /* ASIHTTPRequestDelegate.h */; };
		8196CBAF1333C088000C5286 /* ASICacheDelegate.h in Headers */ = {isa = PBXBuildFile; fileRef = 8196CBAE1333C088000C5286 /* ASICacheDelegate.h */; };
		8196CBBD1333D322000C5286 /* JSONKit.h in Headers */ = {isa = PBXBuildFile; fileRef = 8196CBBB1333D322000C5286 /* JSONKit.h */; };
		8196CBBE1333D322000C5286 /* JSONKit.m in Sources */ = {isa = PBXBuildFile; fileRef = 8196CBBC1333D322000C5286 /* JSONKit.m */; };
		81D165011338DEA000CFA269 /* ASIAuthenticationDialog.m in Sources */ = {isa = PBXBuildFile; fileRef = 8196CB7C1333BDD3000C5286 /* ASIAuthenticationDialog.m */; };
/* End PBXBuildFile section */

/* Begin PBXFileReference section */
		812FF1111325607F0070074B /* libASTStoreController.a */ = {isa = PBXFileReference; explicitFileType = archive.ar; includeInIndex = 0; path = libASTStoreController.a; sourceTree = BUILT_PRODUCTS_DIR; };
		812FF1141325607F0070074B /* Foundation.framework */ = {isa = PBXFileReference; lastKnownFileType = wrapper.framework; name = Foundation.framework; path = System/Library/Frameworks/Foundation.framework; sourceTree = SDKROOT; };
		812FF1181325607F0070074B /* ASTStoreController-Prefix.pch */ = {isa = PBXFileReference; lastKnownFileType = sourcecode.c.h; path = "ASTStoreController-Prefix.pch"; sourceTree = "<group>"; };
		812FF159132563000070074B /* ASTStoreController.h */ = {isa = PBXFileReference; fileEncoding = 4; lastKnownFileType = sourcecode.c.h; name = ASTStoreController.h; path = ASTStoreController/ASTStoreController.h; sourceTree = "<group>"; };
		812FF15A132563000070074B /* ASTStoreController.m */ = {isa = PBXFileReference; fileEncoding = 4; lastKnownFileType = sourcecode.c.objc; lineEnding = 0; path = ASTStoreController.m; sourceTree = "<group>"; xcLanguageSpecificationIdentifier = xcode.lang.objc; };
		81671D331329479700B12E3D /* ILSimSKPayment.h */ = {isa = PBXFileReference; fileEncoding = 4; lastKnownFileType = sourcecode.c.h; path = ILSimSKPayment.h; sourceTree = "<group>"; };
		81671D341329479700B12E3D /* ILSimSKPayment.m */ = {isa = PBXFileReference; fileEncoding = 4; lastKnownFileType = sourcecode.c.objc; path = ILSimSKPayment.m; sourceTree = "<group>"; };
		81671D351329479700B12E3D /* ILSimSKPaymentQueue.h */ = {isa = PBXFileReference; fileEncoding = 4; lastKnownFileType = sourcecode.c.h; path = ILSimSKPaymentQueue.h; sourceTree = "<group>"; };
		81671D361329479700B12E3D /* ILSimSKPaymentQueue.m */ = {isa = PBXFileReference; fileEncoding = 4; lastKnownFileType = sourcecode.c.objc; path = ILSimSKPaymentQueue.m; sourceTree = "<group>"; };
		81671D371329479700B12E3D /* ILSimSKPaymentTransaction_Private.h */ = {isa = PBXFileReference; fileEncoding = 4; lastKnownFileType = sourcecode.c.h; path = ILSimSKPaymentTransaction_Private.h; sourceTree = "<group>"; };
		81671D381329479700B12E3D /* ILSimSKPaymentTransaction.h */ = {isa = PBXFileReference; fileEncoding = 4; lastKnownFileType = sourcecode.c.h; path = ILSimSKPaymentTransaction.h; sourceTree = "<group>"; };
		81671D391329479700B12E3D /* ILSimSKPaymentTransaction.m */ = {isa = PBXFileReference; fileEncoding = 4; lastKnownFileType = sourcecode.c.objc; path = ILSimSKPaymentTransaction.m; sourceTree = "<group>"; };
		81671D3A1329479700B12E3D /* ILSimSKProduct_Private.h */ = {isa = PBXFileReference; fileEncoding = 4; lastKnownFileType = sourcecode.c.h; path = ILSimSKProduct_Private.h; sourceTree = "<group>"; };
		81671D3B1329479700B12E3D /* ILSimSKProduct.h */ = {isa = PBXFileReference; fileEncoding = 4; lastKnownFileType = sourcecode.c.h; path = ILSimSKProduct.h; sourceTree = "<group>"; };
		81671D3C1329479700B12E3D /* ILSimSKProduct.m */ = {isa = PBXFileReference; fileEncoding = 4; lastKnownFileType = sourcecode.c.objc; path = ILSimSKProduct.m; sourceTree = "<group>"; };
		81671D3D1329479700B12E3D /* ILSimSKProductsRequest.h */ = {isa = PBXFileReference; fileEncoding = 4; lastKnownFileType = sourcecode.c.h; path = ILSimSKProductsRequest.h; sourceTree = "<group>"; };
		81671D3E1329479700B12E3D /* ILSimSKProductsRequest.m */ = {isa = PBXFileReference; fileEncoding = 4; lastKnownFileType = sourcecode.c.objc; path = ILSimSKProductsRequest.m; sourceTree = "<group>"; };
		81671D3F1329479700B12E3D /* ILSimSKRequest.h */ = {isa = PBXFileReference; fileEncoding = 4; lastKnownFileType = sourcecode.c.h; path = ILSimSKRequest.h; sourceTree = "<group>"; };
		81671D401329479700B12E3D /* ILSimSKRequest.m */ = {isa = PBXFileReference; fileEncoding = 4; lastKnownFileType = sourcecode.c.objc; path = ILSimSKRequest.m; sourceTree = "<group>"; };
		81671D411329479700B12E3D /* ILSimSKTiers.h */ = {isa = PBXFileReference; fileEncoding = 4; lastKnownFileType = sourcecode.c.h; path = ILSimSKTiers.h; sourceTree = "<group>"; };
		81671D421329479700B12E3D /* ILSimSKTiers.m */ = {isa = PBXFileReference; fileEncoding = 4; lastKnownFileType = sourcecode.c.objc; path = ILSimSKTiers.m; sourceTree = "<group>"; };
		81671D431329479700B12E3D /* ILSimStoreKit.h */ = {isa = PBXFileReference; fileEncoding = 4; lastKnownFileType = sourcecode.c.h; path = ILSimStoreKit.h; sourceTree = "<group>"; };
		81671D55132947A600B12E3D /* README.md */ = {isa = PBXFileReference; fileEncoding = 4; lastKnownFileType = text; path = README.md; sourceTree = "<group>"; };
		81671D561329490C00B12E3D /* ASTStoreKit.h */ = {isa = PBXFileReference; fileEncoding = 4; lastKnownFileType = sourcecode.c.h; path = ASTStoreKit.h; sourceTree = "<group>"; };
		8178D5C2132FBAB000A06922 /* ASTStoreProductData.h */ = {isa = PBXFileReference; fileEncoding = 4; lastKnownFileType = sourcecode.c.h; path = ASTStoreProductData.h; sourceTree = "<group>"; };
		8178D5C3132FBAB000A06922 /* ASTStoreProductData.m */ = {isa = PBXFileReference; fileEncoding = 4; lastKnownFileType = sourcecode.c.objc; path = ASTStoreProductData.m; sourceTree = "<group>"; };
		8178D5CE132FC6C100A06922 /* ASTStoreProductTypes.h */ = {isa = PBXFileReference; fileEncoding = 4; lastKnownFileType = sourcecode.c.h; path = ASTStoreProductTypes.h; sourceTree = "<group>"; };
		8178D5D1132FFBF700A06922 /* ASTStoreFamilyData.h */ = {isa = PBXFileReference; fileEncoding = 4; lastKnownFileType = sourcecode.c.h; path = ASTStoreFamilyData.h; sourceTree = "<group>"; };
		8178D5D2132FFBF700A06922 /* ASTStoreFamilyData.m */ = {isa = PBXFileReference; fileEncoding = 4; lastKnownFileType = sourcecode.c.objc; path = ASTStoreFamilyData.m; sourceTree = "<group>"; };
		818421491326819C001D5CDC /* ASTPrefix.pch */ = {isa = PBXFileReference; fileEncoding = 4; lastKnownFileType = sourcecode.c.h; path = ASTPrefix.pch; sourceTree = "<group>"; };
		8184215B13268E15001D5CDC /* ASTStoreProduct.h */ = {isa = PBXFileReference; fileEncoding = 4; lastKnownFileType = sourcecode.c.h; name = ASTStoreProduct.h; path = ASTStoreController/ASTStoreProduct.h; sourceTree = "<group>"; };
		8184215C13268E16001D5CDC /* ASTStoreProduct.m */ = {isa = PBXFileReference; fileEncoding = 4; lastKnownFileType = sourcecode.c.objc; lineEnding = 0; path = ASTStoreProduct.m; sourceTree = "<group>"; xcLanguageSpecificationIdentifier = xcode.lang.objc; };
		818421601326A140001D5CDC /* sampleProductIdentifiers.plist */ = {isa = PBXFileReference; fileEncoding = 4; lastKnownFileType = text.plist.xml; path = sampleProductIdentifiers.plist; sourceTree = "<group>"; };
		8184216A1326AB78001D5CDC /* ASTStoreProduct+Private.h */ = {isa = PBXFileReference; fileEncoding = 4; lastKnownFileType = sourcecode.c.h; path = "ASTStoreProduct+Private.h"; sourceTree = "<group>"; };
		8184216C1326B56F001D5CDC /* ASTStoreProductPlistReader.h */ = {isa = PBXFileReference; fileEncoding = 4; lastKnownFileType = sourcecode.c.h; path = ASTStoreProductPlistReader.h; sourceTree = "<group>"; };
		8184216D1326B56F001D5CDC /* ASTStoreProductPlistReader.m */ = {isa = PBXFileReference; fileEncoding = 4; lastKnownFileType = sourcecode.c.objc; lineEnding = 0; path = ASTStoreProductPlistReader.m; sourceTree = "<group>"; xcLanguageSpecificationIdentifier = xcode.lang.objc; };
		8193B9561342633B00508914 /* ASTStoreProductInfoKeys.h */ = {isa = PBXFileReference; fileEncoding = 4; lastKnownFileType = sourcecode.c.h; path = ASTStoreProductInfoKeys.h; sourceTree = "<group>"; };
		8196CB6313338D82000C5286 /* ASTStoreServer.h */ = {isa = PBXFileReference; fileEncoding = 4; lastKnownFileType = sourcecode.c.h; path = ASTStoreServer.h; sourceTree = "<group>"; };
		8196CB6413338D82000C5286 /* ASTStoreServer.m */ = {isa = PBXFileReference; fileEncoding = 4; lastKnownFileType = sourcecode.c.objc; path = ASTStoreServer.m; sourceTree = "<group>"; };
		8196CB7B1333BDD3000C5286 /* ASIAuthenticationDialog.h */ = {isa = PBXFileReference; fileEncoding = 4; lastKnownFileType = sourcecode.c.h; path = ASIAuthenticationDialog.h; sourceTree = "<group>"; };
		8196CB7C1333BDD3000C5286 /* ASIAuthenticationDialog.m */ = {isa = PBXFileReference; fileEncoding = 4; lastKnownFileType = sourcecode.c.objc; path = ASIAuthenticationDialog.m; sourceTree = "<group>"; };
		8196CB801333BDE1000C5286 /* ASIProgressDelegate.h */ = {isa = PBXFileReference; fileEncoding = 4; lastKnownFileType = sourcecode.c.h; path = ASIProgressDelegate.h; sourceTree = "<group>"; };
		8196CB831333BE05000C5286 /* ASIHTTPRequest.h */ = {isa = PBXFileReference; fileEncoding = 4; lastKnownFileType = sourcecode.c.h; path = ASIHTTPRequest.h; sourceTree = "<group>"; };
		8196CB841333BE05000C5286 /* ASIHTTPRequest.m */ = {isa = PBXFileReference; fileEncoding = 4; lastKnownFileType = sourcecode.c.objc; path = ASIHTTPRequest.m; sourceTree = "<group>"; };
		8196CB871333BE12000C5286 /* ASIDataCompressor.h */ = {isa = PBXFileReference; fileEncoding = 4; lastKnownFileType = sourcecode.c.h; path = ASIDataCompressor.h; sourceTree = "<group>"; };
		8196CB881333BE12000C5286 /* ASIDataCompressor.m */ = {isa = PBXFileReference; fileEncoding = 4; lastKnownFileType = sourcecode.c.objc; path = ASIDataCompressor.m; sourceTree = "<group>"; };
		8196CB891333BE12000C5286 /* ASIDataDecompressor.h */ = {isa = PBXFileReference; fileEncoding = 4; lastKnownFileType = sourcecode.c.h; path = ASIDataDecompressor.h; sourceTree = "<group>"; };
		8196CB8A1333BE12000C5286 /* ASIDataDecompressor.m */ = {isa = PBXFileReference; fileEncoding = 4; lastKnownFileType = sourcecode.c.objc; path = ASIDataDecompressor.m; sourceTree = "<group>"; };
		8196CB8F1333BE1B000C5286 /* ASIFormDataRequest.h */ = {isa = PBXFileReference; fileEncoding = 4; lastKnownFileType = sourcecode.c.h; path = ASIFormDataRequest.h; sourceTree = "<group>"; };
		8196CB901333BE1B000C5286 /* ASIFormDataRequest.m */ = {isa = PBXFileReference; fileEncoding = 4; lastKnownFileType = sourcecode.c.objc; path = ASIFormDataRequest.m; sourceTree = "<group>"; };
		8196CB931333BE24000C5286 /* ASIInputStream.h */ = {isa = PBXFileReference; fileEncoding = 4; lastKnownFileType = sourcecode.c.h; path = ASIInputStream.h; sourceTree = "<group>"; };
		8196CB941333BE24000C5286 /* ASIInputStream.m */ = {isa = PBXFileReference; fileEncoding = 4; lastKnownFileType = sourcecode.c.objc; path = ASIInputStream.m; sourceTree = "<group>"; };
		8196CB971333BE33000C5286 /* ASINetworkQueue.h */ = {isa = PBXFileReference; fileEncoding = 4; lastKnownFileType = sourcecode.c.h; path = ASINetworkQueue.h; sourceTree = "<group>"; };
		8196CB981333BE33000C5286 /* ASINetworkQueue.m */ = {isa = PBXFileReference; fileEncoding = 4; lastKnownFileType = sourcecode.c.objc; path = ASINetworkQueue.m; sourceTree = "<group>"; };
		8196CBA01333BE52000C5286 /* Reachability.h */ = {isa = PBXFileReference; fileEncoding = 4; lastKnownFileType = sourcecode.c.h; path = Reachability.h; sourceTree = "<group>"; };
		8196CBA11333BE52000C5286 /* Reachability.m */ = {isa = PBXFileReference; fileEncoding = 4; lastKnownFileType = sourcecode.c.objc; path = Reachability.m; sourceTree = "<group>"; };
		8196CBA41333BE69000C5286 /* ASIHTTPRequestConfig.h */ = {isa = PBXFileReference; fileEncoding = 4; lastKnownFileType = sourcecode.c.h; path = ASIHTTPRequestConfig.h; sourceTree = "<group>"; };
		8196CBA61333BE7C000C5286 /* ASIHTTPRequestDelegate.h */ = {isa = PBXFileReference; fileEncoding = 4; lastKnownFileType = sourcecode.c.h; path = ASIHTTPRequestDelegate.h; sourceTree = "<group>"; };
		8196CBAE1333C088000C5286 /* ASICacheDelegate.h */ = {isa = PBXFileReference; fileEncoding = 4; lastKnownFileType = sourcecode.c.h; path = ASICacheDelegate.h; sourceTree = "<group>"; };
		8196CBBB1333D322000C5286 /* JSONKit.h */ = {isa = PBXFileReference; fileEncoding = 4; lastKnownFileType = sourcecode.c.h; path = JSONKit.h; sourceTree = "<group>"; };
		8196CBBC1333D322000C5286 /* JSONKit.m */ = {isa = PBXFileReference; fileEncoding = 4; lastKnownFileType = sourcecode.c.objc; path = JSONKit.m; sourceTree = "<group>"; };
		81EE59F5132A613C00C722E4 /* ilSimKitProducts.plist */ = {isa = PBXFileReference; fileEncoding = 4; lastKnownFileType = text.plist.xml; path = ilSimKitProducts.plist; sourceTree = "<group>"; };
/* End PBXFileReference section */

/* Begin PBXFrameworksBuildPhase section */
		812FF10E1325607F0070074B /* Frameworks */ = {
			isa = PBXFrameworksBuildPhase;
			buildActionMask = 2147483647;
			files = (
				812FF1151325607F0070074B /* Foundation.framework in Frameworks */,
			);
			runOnlyForDeploymentPostprocessing = 0;
		};
/* End PBXFrameworksBuildPhase section */

/* Begin PBXGroup section */
		812FF1061325607F0070074B = {
			isa = PBXGroup;
			children = (
				8184214713268177001D5CDC /* ASTStoreControllerHeaders */,
				812FF1161325607F0070074B /* ASTStoreController */,
				8196CB7A1333AE68000C5286 /* Third Party */,
				812FF1131325607F0070074B /* Frameworks */,
				812FF1121325607F0070074B /* Products */,
			);
			sourceTree = "<group>";
		};
		812FF1121325607F0070074B /* Products */ = {
			isa = PBXGroup;
			children = (
				812FF1111325607F0070074B /* libASTStoreController.a */,
			);
			name = Products;
			sourceTree = "<group>";
		};
		812FF1131325607F0070074B /* Frameworks */ = {
			isa = PBXGroup;
			children = (
				812FF1141325607F0070074B /* Foundation.framework */,
			);
			name = Frameworks;
			sourceTree = "<group>";
		};
		812FF1161325607F0070074B /* ASTStoreController */ = {
			isa = PBXGroup;
			children = (
				818421691326A968001D5CDC /* Classes */,
				8184215F1326A10D001D5CDC /* Samples */,
				812FF1171325607F0070074B /* Supporting Files */,
			);
			path = ASTStoreController;
			sourceTree = "<group>";
		};
		812FF1171325607F0070074B /* Supporting Files */ = {
			isa = PBXGroup;
			children = (
				812FF1181325607F0070074B /* ASTStoreController-Prefix.pch */,
			);
			name = "Supporting Files";
			sourceTree = "<group>";
		};
		81671D311329472300B12E3D /* SimStoreKit */ = {
			isa = PBXGroup;
			children = (
				81671D55132947A600B12E3D /* README.md */,
				81671D331329479700B12E3D /* ILSimSKPayment.h */,
				81671D341329479700B12E3D /* ILSimSKPayment.m */,
				81671D351329479700B12E3D /* ILSimSKPaymentQueue.h */,
				81671D361329479700B12E3D /* ILSimSKPaymentQueue.m */,
				81671D371329479700B12E3D /* ILSimSKPaymentTransaction_Private.h */,
				81671D381329479700B12E3D /* ILSimSKPaymentTransaction.h */,
				81671D391329479700B12E3D /* ILSimSKPaymentTransaction.m */,
				81671D3A1329479700B12E3D /* ILSimSKProduct_Private.h */,
				81671D3B1329479700B12E3D /* ILSimSKProduct.h */,
				81671D3C1329479700B12E3D /* ILSimSKProduct.m */,
				81671D3D1329479700B12E3D /* ILSimSKProductsRequest.h */,
				81671D3E1329479700B12E3D /* ILSimSKProductsRequest.m */,
				81671D3F1329479700B12E3D /* ILSimSKRequest.h */,
				81671D401329479700B12E3D /* ILSimSKRequest.m */,
				81671D411329479700B12E3D /* ILSimSKTiers.h */,
				81671D421329479700B12E3D /* ILSimSKTiers.m */,
				81671D431329479700B12E3D /* ILSimStoreKit.h */,
			);
			name = SimStoreKit;
			sourceTree = "<group>";
		};
		8184214713268177001D5CDC /* ASTStoreControllerHeaders */ = {
			isa = PBXGroup;
			children = (
				812FF159132563000070074B /* ASTStoreController.h */,
				8184215B13268E15001D5CDC /* ASTStoreProduct.h */,
				8178D5CE132FC6C100A06922 /* ASTStoreProductTypes.h */,
				818421491326819C001D5CDC /* ASTPrefix.pch */,
			);
			name = ASTStoreControllerHeaders;
			sourceTree = "<group>";
		};
		8184215F1326A10D001D5CDC /* Samples */ = {
			isa = PBXGroup;
			children = (
				81EE59F5132A613C00C722E4 /* ilSimKitProducts.plist */,
				818421601326A140001D5CDC /* sampleProductIdentifiers.plist */,
			);
			name = Samples;
			sourceTree = "<group>";
		};
		818421691326A968001D5CDC /* Classes */ = {
			isa = PBXGroup;
			children = (
				812FF15A132563000070074B /* ASTStoreController.m */,
				8184215C13268E16001D5CDC /* ASTStoreProduct.m */,
				8184216A1326AB78001D5CDC /* ASTStoreProduct+Private.h */,
				8193B9561342633B00508914 /* ASTStoreProductInfoKeys.h */,
				8184216C1326B56F001D5CDC /* ASTStoreProductPlistReader.h */,
				8184216D1326B56F001D5CDC /* ASTStoreProductPlistReader.m */,
				81671D561329490C00B12E3D /* ASTStoreKit.h */,
				8178D5C2132FBAB000A06922 /* ASTStoreProductData.h */,
				8178D5C3132FBAB000A06922 /* ASTStoreProductData.m */,
				8178D5D1132FFBF700A06922 /* ASTStoreFamilyData.h */,
				8178D5D2132FFBF700A06922 /* ASTStoreFamilyData.m */,
				8196CB6313338D82000C5286 /* ASTStoreServer.h */,
				8196CB6413338D82000C5286 /* ASTStoreServer.m */,
			);
			name = Classes;
			sourceTree = "<group>";
		};
		8196CB791333ADEC000C5286 /* ASIHttpRequest */ = {
			isa = PBXGroup;
			children = (
				8196CBA41333BE69000C5286 /* ASIHTTPRequestConfig.h */,
				8196CBAE1333C088000C5286 /* ASICacheDelegate.h */,
				8196CB801333BDE1000C5286 /* ASIProgressDelegate.h */,
				8196CBA61333BE7C000C5286 /* ASIHTTPRequestDelegate.h */,
				8196CB7B1333BDD3000C5286 /* ASIAuthenticationDialog.h */,
				8196CB7C1333BDD3000C5286 /* ASIAuthenticationDialog.m */,
				8196CB831333BE05000C5286 /* ASIHTTPRequest.h */,
				8196CB841333BE05000C5286 /* ASIHTTPRequest.m */,
				8196CB871333BE12000C5286 /* ASIDataCompressor.h */,
				8196CB881333BE12000C5286 /* ASIDataCompressor.m */,
				8196CB891333BE12000C5286 /* ASIDataDecompressor.h */,
				8196CB8A1333BE12000C5286 /* ASIDataDecompressor.m */,
				8196CB8F1333BE1B000C5286 /* ASIFormDataRequest.h */,
				8196CB901333BE1B000C5286 /* ASIFormDataRequest.m */,
				8196CB931333BE24000C5286 /* ASIInputStream.h */,
				8196CB941333BE24000C5286 /* ASIInputStream.m */,
				8196CB971333BE33000C5286 /* ASINetworkQueue.h */,
				8196CB981333BE33000C5286 /* ASINetworkQueue.m */,
			);
			name = ASIHttpRequest;
			sourceTree = "<group>";
		};
		8196CB7A1333AE68000C5286 /* Third Party */ = {
			isa = PBXGroup;
			children = (
				8196CBBA1333D2CF000C5286 /* JSONKit */,
				8196CB9F1333BE52000C5286 /* Reachability */,
				8196CB791333ADEC000C5286 /* ASIHttpRequest */,
				81671D311329472300B12E3D /* SimStoreKit */,
			);
			name = "Third Party";
			sourceTree = "<group>";
		};
		8196CB9F1333BE52000C5286 /* Reachability */ = {
			isa = PBXGroup;
			children = (
				8196CBA01333BE52000C5286 /* Reachability.h */,
				8196CBA11333BE52000C5286 /* Reachability.m */,
			);
			path = Reachability;
			sourceTree = "<group>";
		};
		8196CBBA1333D2CF000C5286 /* JSONKit */ = {
			isa = PBXGroup;
			children = (
				8196CBBB1333D322000C5286 /* JSONKit.h */,
				8196CBBC1333D322000C5286 /* JSONKit.m */,
			);
			name = JSONKit;
			sourceTree = "<group>";
		};
/* End PBXGroup section */

/* Begin PBXHeadersBuildPhase section */
		812FF10F1325607F0070074B /* Headers */ = {
			isa = PBXHeadersBuildPhase;
			buildActionMask = 2147483647;
			files = (
				812FF15B132563000070074B /* ASTStoreController.h in Headers */,
				8184214A1326819C001D5CDC /* ASTPrefix.pch in Headers */,
				8184215D13268E16001D5CDC /* ASTStoreProduct.h in Headers */,
				8184216B1326AB78001D5CDC /* ASTStoreProduct+Private.h in Headers */,
				8184216E1326B56F001D5CDC /* ASTStoreProductPlistReader.h in Headers */,
				81671D441329479700B12E3D /* ILSimSKPayment.h in Headers */,
				81671D461329479700B12E3D /* ILSimSKPaymentQueue.h in Headers */,
				81671D481329479700B12E3D /* ILSimSKPaymentTransaction_Private.h in Headers */,
				81671D491329479700B12E3D /* ILSimSKPaymentTransaction.h in Headers */,
				81671D4B1329479700B12E3D /* ILSimSKProduct_Private.h in Headers */,
				81671D4C1329479700B12E3D /* ILSimSKProduct.h in Headers */,
				81671D4E1329479700B12E3D /* ILSimSKProductsRequest.h in Headers */,
				81671D501329479700B12E3D /* ILSimSKRequest.h in Headers */,
				81671D521329479700B12E3D /* ILSimSKTiers.h in Headers */,
				81671D541329479700B12E3D /* ILSimStoreKit.h in Headers */,
				81671D571329490C00B12E3D /* ASTStoreKit.h in Headers */,
				8178D5C4132FBAB100A06922 /* ASTStoreProductData.h in Headers */,
				8178D5CF132FC6C100A06922 /* ASTStoreProductTypes.h in Headers */,
				8178D5D3132FFBF800A06922 /* ASTStoreFamilyData.h in Headers */,
				8196CB6513338D83000C5286 /* ASTStoreServer.h in Headers */,
				8196CB7D1333BDD3000C5286 /* ASIAuthenticationDialog.h in Headers */,
				8196CB821333BDE1000C5286 /* ASIProgressDelegate.h in Headers */,
				8196CB851333BE05000C5286 /* ASIHTTPRequest.h in Headers */,
				8196CB8B1333BE12000C5286 /* ASIDataCompressor.h in Headers */,
				8196CB8D1333BE12000C5286 /* ASIDataDecompressor.h in Headers */,
				8196CB911333BE1B000C5286 /* ASIFormDataRequest.h in Headers */,
				8196CB951333BE24000C5286 /* ASIInputStream.h in Headers */,
				8196CB991333BE33000C5286 /* ASINetworkQueue.h in Headers */,
				8196CBA21333BE52000C5286 /* Reachability.h in Headers */,
				8196CBA51333BE69000C5286 /* ASIHTTPRequestConfig.h in Headers */,
				8196CBA71333BE7C000C5286 /* ASIHTTPRequestDelegate.h in Headers */,
				8196CBAF1333C088000C5286 /* ASICacheDelegate.h in Headers */,
				8196CBBD1333D322000C5286 /* JSONKit.h in Headers */,
				8193B9571342633C00508914 /* ASTStoreProductInfoKeys.h in Headers */,
			);
			runOnlyForDeploymentPostprocessing = 0;
		};
/* End PBXHeadersBuildPhase section */

/* Begin PBXNativeTarget section */
		812FF1101325607F0070074B /* ASTStoreController */ = {
			isa = PBXNativeTarget;
			buildConfigurationList = 812FF11B1325607F0070074B /* Build configuration list for PBXNativeTarget "ASTStoreController" */;
			buildPhases = (
				812FF10D1325607F0070074B /* Sources */,
				812FF10E1325607F0070074B /* Frameworks */,
				812FF10F1325607F0070074B /* Headers */,
			);
			buildRules = (
			);
			dependencies = (
			);
			name = ASTStoreController;
			productName = ASTStoreController;
			productReference = 812FF1111325607F0070074B /* libASTStoreController.a */;
			productType = "com.apple.product-type.library.static";
		};
/* End PBXNativeTarget section */

/* Begin PBXProject section */
		812FF1081325607F0070074B /* Project object */ = {
			isa = PBXProject;
			attributes = {
				ORGANIZATIONNAME = "Anystone Technologies, Inc.";
			};
			buildConfigurationList = 812FF10B1325607F0070074B /* Build configuration list for PBXProject "ASTStoreController" */;
			compatibilityVersion = "Xcode 3.2";
			developmentRegion = English;
			hasScannedForEncodings = 0;
			knownRegions = (
				en,
			);
			mainGroup = 812FF1061325607F0070074B;
			productRefGroup = 812FF1121325607F0070074B /* Products */;
			projectDirPath = "";
			projectRoot = "";
			targets = (
				812FF1101325607F0070074B /* ASTStoreController */,
			);
		};
/* End PBXProject section */

/* Begin PBXSourcesBuildPhase section */
		812FF10D1325607F0070074B /* Sources */ = {
			isa = PBXSourcesBuildPhase;
			buildActionMask = 2147483647;
			files = (
				81D165011338DEA000CFA269 /* ASIAuthenticationDialog.m in Sources */,
				812FF15C132563000070074B /* ASTStoreController.m in Sources */,
				8184215E13268E16001D5CDC /* ASTStoreProduct.m in Sources */,
				8184216F1326B56F001D5CDC /* ASTStoreProductPlistReader.m in Sources */,
				81671D451329479700B12E3D /* ILSimSKPayment.m in Sources */,
				81671D471329479700B12E3D /* ILSimSKPaymentQueue.m in Sources */,
				81671D4A1329479700B12E3D /* ILSimSKPaymentTransaction.m in Sources */,
				81671D4D1329479700B12E3D /* ILSimSKProduct.m in Sources */,
				81671D4F1329479700B12E3D /* ILSimSKProductsRequest.m in Sources */,
				81671D511329479700B12E3D /* ILSimSKRequest.m in Sources */,
				81671D531329479700B12E3D /* ILSimSKTiers.m in Sources */,
				8178D5C5132FBAB100A06922 /* ASTStoreProductData.m in Sources */,
				8178D5D4132FFBF800A06922 /* ASTStoreFamilyData.m in Sources */,
				8196CB6613338D83000C5286 /* ASTStoreServer.m in Sources */,
				8196CB861333BE05000C5286 /* ASIHTTPRequest.m in Sources */,
				8196CB8C1333BE12000C5286 /* ASIDataCompressor.m in Sources */,
				8196CB8E1333BE12000C5286 /* ASIDataDecompressor.m in Sources */,
				8196CB921333BE1B000C5286 /* ASIFormDataRequest.m in Sources */,
				8196CB961333BE24000C5286 /* ASIInputStream.m in Sources */,
				8196CB9A1333BE33000C5286 /* ASINetworkQueue.m in Sources */,
				8196CBA31333BE52000C5286 /* Reachability.m in Sources */,
				8196CBBE1333D322000C5286 /* JSONKit.m in Sources */,
			);
			runOnlyForDeploymentPostprocessing = 0;
		};
/* End PBXSourcesBuildPhase section */

/* Begin XCBuildConfiguration section */
		812FF1191325607F0070074B /* Debug */ = {
			isa = XCBuildConfiguration;
			buildSettings = {
				ARCHS = "$(ARCHS_STANDARD_32_BIT)";
				GCC_C_LANGUAGE_STANDARD = gnu99;
				GCC_OPTIMIZATION_LEVEL = 0;
				GCC_PREPROCESSOR_DEFINITIONS = DEBUG;
				GCC_SYMBOLS_PRIVATE_EXTERN = NO;
				GCC_VERSION = com.apple.compilers.llvm.clang.1_0;
				GCC_WARN_ABOUT_RETURN_TYPE = YES;
				GCC_WARN_UNUSED_VARIABLE = YES;
				INSTALL_PATH = "";
				IPHONEOS_DEPLOYMENT_TARGET = 4.0;
				RUN_CLANG_STATIC_ANALYZER = YES;
				SDKROOT = iphoneos;
				SKIP_INSTALL = YES;
			};
			name = Debug;
		};
		812FF11A1325607F0070074B /* Release */ = {
			isa = XCBuildConfiguration;
			buildSettings = {
				ARCHS = "$(ARCHS_STANDARD_32_BIT)";
				GCC_C_LANGUAGE_STANDARD = gnu99;
				GCC_VERSION = com.apple.compilers.llvm.clang.1_0;
				GCC_WARN_ABOUT_RETURN_TYPE = YES;
				GCC_WARN_UNUSED_VARIABLE = YES;
				INSTALL_PATH = "";
				IPHONEOS_DEPLOYMENT_TARGET = 4.0;
				RUN_CLANG_STATIC_ANALYZER = YES;
				SDKROOT = iphoneos;
				SKIP_INSTALL = YES;
			};
			name = Release;
		};
		812FF11C1325607F0070074B /* Debug */ = {
			isa = XCBuildConfiguration;
			buildSettings = {
				ALWAYS_SEARCH_USER_PATHS = NO;
				DSTROOT = /tmp/ASTStoreController.dst;
				GCC_PRECOMPILE_PREFIX_HEADER = YES;
				GCC_PREFIX_HEADER = "ASTStoreController/ASTStoreController-Prefix.pch";
				OTHER_LDFLAGS = "-ObjC";
				PRODUCT_NAME = "$(TARGET_NAME)";
			};
			name = Debug;
		};
		812FF11D1325607F0070074B /* Release */ = {
			isa = XCBuildConfiguration;
			buildSettings = {
				ALWAYS_SEARCH_USER_PATHS = NO;
				DSTROOT = /tmp/ASTStoreController.dst;
				GCC_PRECOMPILE_PREFIX_HEADER = YES;
				GCC_PREFIX_HEADER = "ASTStoreController/ASTStoreController-Prefix.pch";
				OTHER_LDFLAGS = "-ObjC";
				PRODUCT_NAME = "$(TARGET_NAME)";
			};
			name = Release;
		};
/* End XCBuildConfiguration section */

/* Begin XCConfigurationList section */
		812FF10B1325607F0070074B /* Build configuration list for PBXProject "ASTStoreController" */ = {
			isa = XCConfigurationList;
			buildConfigurations = (
				812FF1191325607F0070074B /* Debug */,
				812FF11A1325607F0070074B /* Release */,
			);
			defaultConfigurationIsVisible = 0;
			defaultConfigurationName = Release;
		};
		812FF11B1325607F0070074B /* Build configuration list for PBXNativeTarget "ASTStoreController" */ = {
			isa = XCConfigurationList;
			buildConfigurations = (
				812FF11C1325607F0070074B /* Debug */,
				812FF11D1325607F0070074B /* Release */,
			);
			defaultConfigurationIsVisible = 0;
			defaultConfigurationName = Release;
		};
/* End XCConfigurationList section */
	};
	rootObject = 812FF1081325607F0070074B /* Project object */;
}
